// !$*UTF8*$!
{
	archiveVersion = 1;
	classes = {
	};
	objectVersion = 56;
	objects = {

/* Begin PBXBuildFile section */
		CB1ACD5B2BBC2B0000E2C662 /* FirebaseAppCheck in Frameworks */ = {isa = PBXBuildFile; productRef = CB1ACD5A2BBC2B0000E2C662 /* FirebaseAppCheck */; };
		CB1E488F2BF3C66D00F052ED /* FriendsModel.swift in Sources */ = {isa = PBXBuildFile; fileRef = CB1E488E2BF3C66D00F052ED /* FriendsModel.swift */; };
		CB36E23D2BBDC6A000323907 /* GoogleService-Info.plist in Resources */ = {isa = PBXBuildFile; fileRef = CB36E23C2BBDC6A000323907 /* GoogleService-Info.plist */; };
		CB387F7E2BDFD5C8003EE27A /* copyBoard.swift in Sources */ = {isa = PBXBuildFile; fileRef = CB387F7D2BDFD5C7003EE27A /* copyBoard.swift */; };
		CB387F802BDFFDAC003EE27A /* SharingMatchesView.swift in Sources */ = {isa = PBXBuildFile; fileRef = CB387F7F2BDFFDAC003EE27A /* SharingMatchesView.swift */; };
		CB387F822BE00C97003EE27A /* PlayerModel.swift in Sources */ = {isa = PBXBuildFile; fileRef = CB387F812BE00C97003EE27A /* PlayerModel.swift */; };
		CB416CF62BA35FB6005DF9F3 /* BuracoListView.swift in Sources */ = {isa = PBXBuildFile; fileRef = CB416CF32BA35FB6005DF9F3 /* BuracoListView.swift */; };
		CB416CF82BA37924005DF9F3 /* BuracoCardView.swift in Sources */ = {isa = PBXBuildFile; fileRef = CB416CF72BA37924005DF9F3 /* BuracoCardView.swift */; };
		CB416CFA2BA37A77005DF9F3 /* BuracoMatchView.swift in Sources */ = {isa = PBXBuildFile; fileRef = CB416CF92BA37A77005DF9F3 /* BuracoMatchView.swift */; };
		CB416CFC2BA472F1005DF9F3 /* BuracoFBViewModel.swift in Sources */ = {isa = PBXBuildFile; fileRef = CB416CFB2BA472F1005DF9F3 /* BuracoFBViewModel.swift */; };
		CB5578F42BBA324A005A643D /* View+Extension.swift in Sources */ = {isa = PBXBuildFile; fileRef = CB5578F32BBA324A005A643D /* View+Extension.swift */; };
		CB5578F72BBB1AE2005A643D /* ProfileView.swift in Sources */ = {isa = PBXBuildFile; fileRef = CB5578F62BBB1AE2005A643D /* ProfileView.swift */; };
		CB5578FA2BBB1D70005A643D /* TabbarView.swift in Sources */ = {isa = PBXBuildFile; fileRef = CB5578F92BBB1D70005A643D /* TabbarView.swift */; };
		CB64FCB42BC83F0000067744 /* CreateUserView.swift in Sources */ = {isa = PBXBuildFile; fileRef = CB64FCB32BC83F0000067744 /* CreateUserView.swift */; };
		CB64FCB62BC87BFF00067744 /* ProfileModel.swift in Sources */ = {isa = PBXBuildFile; fileRef = CB64FCB52BC87BFF00067744 /* ProfileModel.swift */; };
		CB64FCB92BCA0D6700067744 /* FriendGridItem.swift in Sources */ = {isa = PBXBuildFile; fileRef = CB64FCB82BCA0D6700067744 /* FriendGridItem.swift */; };
		CB64FCD52BCFE03600067744 /* BuracoMatchViewModel.swift in Sources */ = {isa = PBXBuildFile; fileRef = CB64FCD42BCFE03600067744 /* BuracoMatchViewModel.swift */; };
		CB64FCE42BD159C700067744 /* AddFriend.swift in Sources */ = {isa = PBXBuildFile; fileRef = CB64FCE32BD159C700067744 /* AddFriend.swift */; };
		CB64FCE82BD213AD00067744 /* IndividualRanking.swift in Sources */ = {isa = PBXBuildFile; fileRef = CB64FCE72BD213AD00067744 /* IndividualRanking.swift */; };
		CB8A399C2BA7197400EFF71C /* Login.swift in Sources */ = {isa = PBXBuildFile; fileRef = CB8A399B2BA7197400EFF71C /* Login.swift */; };
		CB8A39A02BA71A1000EFF71C /* LoginViewModel.swift in Sources */ = {isa = PBXBuildFile; fileRef = CB8A399F2BA71A1000EFF71C /* LoginViewModel.swift */; };
		CB8A39A52BA71AE600EFF71C /* UserRepository.swift in Sources */ = {isa = PBXBuildFile; fileRef = CB8A39A42BA71AE600EFF71C /* UserRepository.swift */; };
		CB8A39A72BA71B3C00EFF71C /* UserModel.swift in Sources */ = {isa = PBXBuildFile; fileRef = CB8A39A62BA71B3C00EFF71C /* UserModel.swift */; };
		CB8A39AA2BA71BA200EFF71C /* UserViewModel.swift in Sources */ = {isa = PBXBuildFile; fileRef = CB8A39A92BA71BA200EFF71C /* UserViewModel.swift */; };
		CB8A39AE2BA71E3500EFF71C /* LoginView.swift in Sources */ = {isa = PBXBuildFile; fileRef = CB8A39AD2BA71E3500EFF71C /* LoginView.swift */; };
		CB8A39B02BA720BE00EFF71C /* ViewModifiers.swift in Sources */ = {isa = PBXBuildFile; fileRef = CB8A39AF2BA720BE00EFF71C /* ViewModifiers.swift */; };
		CBB072592BD2A54A0026CA4E /* TeamModel.swift in Sources */ = {isa = PBXBuildFile; fileRef = CBB072582BD2A54A0026CA4E /* TeamModel.swift */; };
		CBB0725C2BD4AFC50026CA4E /* RankingView.swift in Sources */ = {isa = PBXBuildFile; fileRef = CBB0725B2BD4AFC50026CA4E /* RankingView.swift */; };
		CBB0725E2BD4B0AD0026CA4E /* RankingView+Extension.swift in Sources */ = {isa = PBXBuildFile; fileRef = CBB0725D2BD4B0AD0026CA4E /* RankingView+Extension.swift */; };
		CBB072602BD687920026CA4E /* LinkAccountView.swift in Sources */ = {isa = PBXBuildFile; fileRef = CBB0725F2BD687920026CA4E /* LinkAccountView.swift */; };
		CBB0D4D72BC6BEE3002CC88D /* DBImages.swift in Sources */ = {isa = PBXBuildFile; fileRef = CBB0D4D62BC6BEE3002CC88D /* DBImages.swift */; };
		CBD142ED2BA762F3000FAA55 /* MainLogo.swift in Sources */ = {isa = PBXBuildFile; fileRef = CBD142EC2BA762F3000FAA55 /* MainLogo.swift */; };
		CBD142EF2BA77D27000FAA55 /* AddNewBuracoMatchView.swift in Sources */ = {isa = PBXBuildFile; fileRef = CBD142EE2BA77D27000FAA55 /* AddNewBuracoMatchView.swift */; };
		CBD142FB2BA8A0DF000FAA55 /* BuracoTurnsViewModel.swift in Sources */ = {isa = PBXBuildFile; fileRef = CBD142FA2BA8A0DF000FAA55 /* BuracoTurnsViewModel.swift */; };
		CBD142FD2BA8A1F8000FAA55 /* BuracoTurnsRepository.swift in Sources */ = {isa = PBXBuildFile; fileRef = CBD142FC2BA8A1F8000FAA55 /* BuracoTurnsRepository.swift */; };
		CBD143022BA8A6C4000FAA55 /* AddNewMatchTurnView.swift in Sources */ = {isa = PBXBuildFile; fileRef = CBD143012BA8A6C4000FAA55 /* AddNewMatchTurnView.swift */; };
		CBD143632BAB241A000FAA55 /* SUImagePickerView.swift in Sources */ = {isa = PBXBuildFile; fileRef = CBD143622BAB241A000FAA55 /* SUImagePickerView.swift */; };
		CBD143732BAB63F8000FAA55 /* StorageManager.swift in Sources */ = {isa = PBXBuildFile; fileRef = CBD143722BAB63F8000FAA55 /* StorageManager.swift */; };
		CBD143752BAB6452000FAA55 /* FirebaseStorage in Frameworks */ = {isa = PBXBuildFile; productRef = CBD143742BAB6452000FAA55 /* FirebaseStorage */; };
		CBD143772BAB6AD7000FAA55 /* StorageViewModel.swift in Sources */ = {isa = PBXBuildFile; fileRef = CBD143762BAB6AD7000FAA55 /* StorageViewModel.swift */; };
		CBD143792BAB7CE6000FAA55 /* AuthenticationManager.swift in Sources */ = {isa = PBXBuildFile; fileRef = CBD143782BAB7CE6000FAA55 /* AuthenticationManager.swift */; };
		CBD1437B2BAB81D7000FAA55 /* AuthenticationViewModel.swift in Sources */ = {isa = PBXBuildFile; fileRef = CBD1437A2BAB81D7000FAA55 /* AuthenticationViewModel.swift */; };
		CBD1437D2BABCFC1000FAA55 /* AuthenticationView.swift in Sources */ = {isa = PBXBuildFile; fileRef = CBD1437C2BABCFC1000FAA55 /* AuthenticationView.swift */; };
		CBDDE7132BC014CA0095FCD5 /* PrivacyInfo.xcprivacy in Resources */ = {isa = PBXBuildFile; fileRef = CBDDE7122BC014CA0095FCD5 /* PrivacyInfo.xcprivacy */; };
		CBFF67C32BA33F330023A2F8 /* CardScoresApp.swift in Sources */ = {isa = PBXBuildFile; fileRef = CBFF67C22BA33F330023A2F8 /* CardScoresApp.swift */; };
		CBFF67C52BA33F330023A2F8 /* MainView.swift in Sources */ = {isa = PBXBuildFile; fileRef = CBFF67C42BA33F330023A2F8 /* MainView.swift */; };
		CBFF67C72BA33F340023A2F8 /* Assets.xcassets in Resources */ = {isa = PBXBuildFile; fileRef = CBFF67C62BA33F340023A2F8 /* Assets.xcassets */; };
		CBFF67CA2BA33F340023A2F8 /* Preview Assets.xcassets in Resources */ = {isa = PBXBuildFile; fileRef = CBFF67C92BA33F340023A2F8 /* Preview Assets.xcassets */; };
		CBFF67D72BA33FD50023A2F8 /* MatchFB.swift in Sources */ = {isa = PBXBuildFile; fileRef = CBFF67D52BA33FD50023A2F8 /* MatchFB.swift */; };
		CBFF67D82BA33FD50023A2F8 /* MatchTurn.swift in Sources */ = {isa = PBXBuildFile; fileRef = CBFF67D62BA33FD50023A2F8 /* MatchTurn.swift */; };
		CBFF67DB2BA3400B0023A2F8 /* FirebaseAnalytics in Frameworks */ = {isa = PBXBuildFile; productRef = CBFF67DA2BA3400B0023A2F8 /* FirebaseAnalytics */; };
		CBFF67DF2BA3400B0023A2F8 /* FirebaseAnalyticsSwift in Frameworks */ = {isa = PBXBuildFile; productRef = CBFF67DE2BA3400B0023A2F8 /* FirebaseAnalyticsSwift */; };
		CBFF67E62BA340440023A2F8 /* FirebaseAuth in Frameworks */ = {isa = PBXBuildFile; productRef = CBFF67E52BA340440023A2F8 /* FirebaseAuth */; };
		CBFF67E82BA340440023A2F8 /* FirebaseCrashlytics in Frameworks */ = {isa = PBXBuildFile; productRef = CBFF67E72BA340440023A2F8 /* FirebaseCrashlytics */; };
		CBFF67EA2BA340440023A2F8 /* FirebaseFirestore in Frameworks */ = {isa = PBXBuildFile; productRef = CBFF67E92BA340440023A2F8 /* FirebaseFirestore */; };
		CBFF67EC2BA340440023A2F8 /* FirebaseFirestoreSwift in Frameworks */ = {isa = PBXBuildFile; productRef = CBFF67EB2BA340440023A2F8 /* FirebaseFirestoreSwift */; };
		CBFF67F82BA340F50023A2F8 /* BuracoMatchesRepository.swift in Sources */ = {isa = PBXBuildFile; fileRef = CBFF67F72BA340F50023A2F8 /* BuracoMatchesRepository.swift */; };
		CBFF67FD2BA342C80023A2F8 /* Constants.swift in Sources */ = {isa = PBXBuildFile; fileRef = CBFF67FA2BA342C80023A2F8 /* Constants.swift */; };
		CBFF67FE2BA342C80023A2F8 /* Color+Extension.swift in Sources */ = {isa = PBXBuildFile; fileRef = CBFF67FB2BA342C80023A2F8 /* Color+Extension.swift */; };
/* End PBXBuildFile section */

/* Begin PBXFileReference section */
		CB1E488E2BF3C66D00F052ED /* FriendsModel.swift */ = {isa = PBXFileReference; lastKnownFileType = sourcecode.swift; path = FriendsModel.swift; sourceTree = "<group>"; };
		CB36E23C2BBDC6A000323907 /* GoogleService-Info.plist */ = {isa = PBXFileReference; fileEncoding = 4; lastKnownFileType = text.plist.xml; path = "GoogleService-Info.plist"; sourceTree = "<group>"; };
		CB387F7D2BDFD5C7003EE27A /* copyBoard.swift */ = {isa = PBXFileReference; lastKnownFileType = sourcecode.swift; path = copyBoard.swift; sourceTree = "<group>"; };
		CB387F7F2BDFFDAC003EE27A /* SharingMatchesView.swift */ = {isa = PBXFileReference; lastKnownFileType = sourcecode.swift; path = SharingMatchesView.swift; sourceTree = "<group>"; };
		CB387F812BE00C97003EE27A /* PlayerModel.swift */ = {isa = PBXFileReference; lastKnownFileType = sourcecode.swift; path = PlayerModel.swift; sourceTree = "<group>"; };
		CB416CF32BA35FB6005DF9F3 /* BuracoListView.swift */ = {isa = PBXFileReference; fileEncoding = 4; lastKnownFileType = sourcecode.swift; path = BuracoListView.swift; sourceTree = "<group>"; };
		CB416CF72BA37924005DF9F3 /* BuracoCardView.swift */ = {isa = PBXFileReference; fileEncoding = 4; lastKnownFileType = sourcecode.swift; path = BuracoCardView.swift; sourceTree = "<group>"; };
		CB416CF92BA37A77005DF9F3 /* BuracoMatchView.swift */ = {isa = PBXFileReference; fileEncoding = 4; lastKnownFileType = sourcecode.swift; path = BuracoMatchView.swift; sourceTree = "<group>"; };
		CB416CFB2BA472F1005DF9F3 /* BuracoFBViewModel.swift */ = {isa = PBXFileReference; fileEncoding = 4; lastKnownFileType = sourcecode.swift; path = BuracoFBViewModel.swift; sourceTree = "<group>"; };
		CB5578F32BBA324A005A643D /* View+Extension.swift */ = {isa = PBXFileReference; lastKnownFileType = sourcecode.swift; path = "View+Extension.swift"; sourceTree = "<group>"; };
		CB5578F62BBB1AE2005A643D /* ProfileView.swift */ = {isa = PBXFileReference; lastKnownFileType = sourcecode.swift; path = ProfileView.swift; sourceTree = "<group>"; };
		CB5578F92BBB1D70005A643D /* TabbarView.swift */ = {isa = PBXFileReference; lastKnownFileType = sourcecode.swift; path = TabbarView.swift; sourceTree = "<group>"; };
		CB64FCB32BC83F0000067744 /* CreateUserView.swift */ = {isa = PBXFileReference; lastKnownFileType = sourcecode.swift; path = CreateUserView.swift; sourceTree = "<group>"; };
		CB64FCB52BC87BFF00067744 /* ProfileModel.swift */ = {isa = PBXFileReference; lastKnownFileType = sourcecode.swift; path = ProfileModel.swift; sourceTree = "<group>"; };
		CB64FCB82BCA0D6700067744 /* FriendGridItem.swift */ = {isa = PBXFileReference; lastKnownFileType = sourcecode.swift; path = FriendGridItem.swift; sourceTree = "<group>"; };
		CB64FCD42BCFE03600067744 /* BuracoMatchViewModel.swift */ = {isa = PBXFileReference; lastKnownFileType = sourcecode.swift; path = BuracoMatchViewModel.swift; sourceTree = "<group>"; };
		CB64FCE32BD159C700067744 /* AddFriend.swift */ = {isa = PBXFileReference; lastKnownFileType = sourcecode.swift; path = AddFriend.swift; sourceTree = "<group>"; };
		CB64FCE72BD213AD00067744 /* IndividualRanking.swift */ = {isa = PBXFileReference; lastKnownFileType = sourcecode.swift; path = IndividualRanking.swift; sourceTree = "<group>"; };
		CB8A399B2BA7197400EFF71C /* Login.swift */ = {isa = PBXFileReference; lastKnownFileType = sourcecode.swift; path = Login.swift; sourceTree = "<group>"; };
		CB8A399F2BA71A1000EFF71C /* LoginViewModel.swift */ = {isa = PBXFileReference; lastKnownFileType = sourcecode.swift; path = LoginViewModel.swift; sourceTree = "<group>"; };
		CB8A39A42BA71AE600EFF71C /* UserRepository.swift */ = {isa = PBXFileReference; lastKnownFileType = sourcecode.swift; path = UserRepository.swift; sourceTree = "<group>"; };
		CB8A39A62BA71B3C00EFF71C /* UserModel.swift */ = {isa = PBXFileReference; lastKnownFileType = sourcecode.swift; path = UserModel.swift; sourceTree = "<group>"; };
		CB8A39A92BA71BA200EFF71C /* UserViewModel.swift */ = {isa = PBXFileReference; lastKnownFileType = sourcecode.swift; path = UserViewModel.swift; sourceTree = "<group>"; };
		CB8A39AD2BA71E3500EFF71C /* LoginView.swift */ = {isa = PBXFileReference; lastKnownFileType = sourcecode.swift; path = LoginView.swift; sourceTree = "<group>"; };
		CB8A39AF2BA720BE00EFF71C /* ViewModifiers.swift */ = {isa = PBXFileReference; lastKnownFileType = sourcecode.swift; path = ViewModifiers.swift; sourceTree = "<group>"; };
		CBB072582BD2A54A0026CA4E /* TeamModel.swift */ = {isa = PBXFileReference; lastKnownFileType = sourcecode.swift; path = TeamModel.swift; sourceTree = "<group>"; };
		CBB0725B2BD4AFC50026CA4E /* RankingView.swift */ = {isa = PBXFileReference; lastKnownFileType = sourcecode.swift; path = RankingView.swift; sourceTree = "<group>"; };
		CBB0725D2BD4B0AD0026CA4E /* RankingView+Extension.swift */ = {isa = PBXFileReference; lastKnownFileType = sourcecode.swift; path = "RankingView+Extension.swift"; sourceTree = "<group>"; };
		CBB0725F2BD687920026CA4E /* LinkAccountView.swift */ = {isa = PBXFileReference; lastKnownFileType = sourcecode.swift; path = LinkAccountView.swift; sourceTree = "<group>"; };
		CBB0D4D62BC6BEE3002CC88D /* DBImages.swift */ = {isa = PBXFileReference; lastKnownFileType = sourcecode.swift; path = DBImages.swift; sourceTree = "<group>"; };
		CBD142EC2BA762F3000FAA55 /* MainLogo.swift */ = {isa = PBXFileReference; lastKnownFileType = sourcecode.swift; path = MainLogo.swift; sourceTree = "<group>"; };
		CBD142EE2BA77D27000FAA55 /* AddNewBuracoMatchView.swift */ = {isa = PBXFileReference; lastKnownFileType = sourcecode.swift; path = AddNewBuracoMatchView.swift; sourceTree = "<group>"; };
		CBD142FA2BA8A0DF000FAA55 /* BuracoTurnsViewModel.swift */ = {isa = PBXFileReference; lastKnownFileType = sourcecode.swift; path = BuracoTurnsViewModel.swift; sourceTree = "<group>"; };
		CBD142FC2BA8A1F8000FAA55 /* BuracoTurnsRepository.swift */ = {isa = PBXFileReference; lastKnownFileType = sourcecode.swift; path = BuracoTurnsRepository.swift; sourceTree = "<group>"; };
		CBD143012BA8A6C4000FAA55 /* AddNewMatchTurnView.swift */ = {isa = PBXFileReference; lastKnownFileType = sourcecode.swift; path = AddNewMatchTurnView.swift; sourceTree = "<group>"; };
		CBD143622BAB241A000FAA55 /* SUImagePickerView.swift */ = {isa = PBXFileReference; fileEncoding = 4; lastKnownFileType = sourcecode.swift; path = SUImagePickerView.swift; sourceTree = "<group>"; };
		CBD143722BAB63F8000FAA55 /* StorageManager.swift */ = {isa = PBXFileReference; lastKnownFileType = sourcecode.swift; path = StorageManager.swift; sourceTree = "<group>"; };
		CBD143762BAB6AD7000FAA55 /* StorageViewModel.swift */ = {isa = PBXFileReference; lastKnownFileType = sourcecode.swift; path = StorageViewModel.swift; sourceTree = "<group>"; };
		CBD143782BAB7CE6000FAA55 /* AuthenticationManager.swift */ = {isa = PBXFileReference; lastKnownFileType = sourcecode.swift; path = AuthenticationManager.swift; sourceTree = "<group>"; };
		CBD1437A2BAB81D7000FAA55 /* AuthenticationViewModel.swift */ = {isa = PBXFileReference; lastKnownFileType = sourcecode.swift; path = AuthenticationViewModel.swift; sourceTree = "<group>"; };
		CBD1437C2BABCFC1000FAA55 /* AuthenticationView.swift */ = {isa = PBXFileReference; lastKnownFileType = sourcecode.swift; path = AuthenticationView.swift; sourceTree = "<group>"; };
		CBDDE7112BBF9AC00095FCD5 /* Info.plist */ = {isa = PBXFileReference; lastKnownFileType = text.plist; path = Info.plist; sourceTree = "<group>"; };
		CBDDE7122BC014CA0095FCD5 /* PrivacyInfo.xcprivacy */ = {isa = PBXFileReference; lastKnownFileType = text.xml; path = PrivacyInfo.xcprivacy; sourceTree = "<group>"; };
		CBFF67BF2BA33F330023A2F8 /* CardScores.app */ = {isa = PBXFileReference; explicitFileType = wrapper.application; includeInIndex = 0; path = CardScores.app; sourceTree = BUILT_PRODUCTS_DIR; };
		CBFF67C22BA33F330023A2F8 /* CardScoresApp.swift */ = {isa = PBXFileReference; lastKnownFileType = sourcecode.swift; path = CardScoresApp.swift; sourceTree = "<group>"; };
		CBFF67C42BA33F330023A2F8 /* MainView.swift */ = {isa = PBXFileReference; lastKnownFileType = sourcecode.swift; path = MainView.swift; sourceTree = "<group>"; };
		CBFF67C62BA33F340023A2F8 /* Assets.xcassets */ = {isa = PBXFileReference; lastKnownFileType = folder.assetcatalog; path = Assets.xcassets; sourceTree = "<group>"; };
		CBFF67C92BA33F340023A2F8 /* Preview Assets.xcassets */ = {isa = PBXFileReference; lastKnownFileType = folder.assetcatalog; path = "Preview Assets.xcassets"; sourceTree = "<group>"; };
		CBFF67D52BA33FD50023A2F8 /* MatchFB.swift */ = {isa = PBXFileReference; fileEncoding = 4; lastKnownFileType = sourcecode.swift; path = MatchFB.swift; sourceTree = "<group>"; };
		CBFF67D62BA33FD50023A2F8 /* MatchTurn.swift */ = {isa = PBXFileReference; fileEncoding = 4; lastKnownFileType = sourcecode.swift; path = MatchTurn.swift; sourceTree = "<group>"; };
		CBFF67F72BA340F50023A2F8 /* BuracoMatchesRepository.swift */ = {isa = PBXFileReference; fileEncoding = 4; lastKnownFileType = sourcecode.swift; path = BuracoMatchesRepository.swift; sourceTree = "<group>"; };
		CBFF67FA2BA342C80023A2F8 /* Constants.swift */ = {isa = PBXFileReference; fileEncoding = 4; lastKnownFileType = sourcecode.swift; path = Constants.swift; sourceTree = "<group>"; };
		CBFF67FB2BA342C80023A2F8 /* Color+Extension.swift */ = {isa = PBXFileReference; fileEncoding = 4; lastKnownFileType = sourcecode.swift; path = "Color+Extension.swift"; sourceTree = "<group>"; };
/* End PBXFileReference section */

/* Begin PBXFrameworksBuildPhase section */
		CBFF67BC2BA33F330023A2F8 /* Frameworks */ = {
			isa = PBXFrameworksBuildPhase;
			buildActionMask = 2147483647;
			files = (
				CB1ACD5B2BBC2B0000E2C662 /* FirebaseAppCheck in Frameworks */,
				CBFF67DF2BA3400B0023A2F8 /* FirebaseAnalyticsSwift in Frameworks */,
				CBFF67DB2BA3400B0023A2F8 /* FirebaseAnalytics in Frameworks */,
				CBFF67E82BA340440023A2F8 /* FirebaseCrashlytics in Frameworks */,
				CBFF67EC2BA340440023A2F8 /* FirebaseFirestoreSwift in Frameworks */,
				CBD143752BAB6452000FAA55 /* FirebaseStorage in Frameworks */,
				CBFF67E62BA340440023A2F8 /* FirebaseAuth in Frameworks */,
				CBFF67EA2BA340440023A2F8 /* FirebaseFirestore in Frameworks */,
			);
			runOnlyForDeploymentPostprocessing = 0;
		};
/* End PBXFrameworksBuildPhase section */

/* Begin PBXGroup section */
		CB416CF02BA35FB6005DF9F3 /* Views */ = {
			isa = PBXGroup;
			children = (
				CB5578F82BBB1D34005A643D /* TabView */,
				CB5578F52BBB1AD4005A643D /* User */,
				CBD142EB2BA762E1000FAA55 /* Logo */,
				CB8A39AC2BA71E2700EFF71C /* Login */,
				CB8A39942BA7131A00EFF71C /* Buraco */,
			);
			path = Views;
			sourceTree = "<group>";
		};
		CB5578F52BBB1AD4005A643D /* User */ = {
			isa = PBXGroup;
			children = (
				CB64FCE22BD159AA00067744 /* SubViews */,
				CB5578F62BBB1AE2005A643D /* ProfileView.swift */,
				CB64FCB32BC83F0000067744 /* CreateUserView.swift */,
				CBB0725F2BD687920026CA4E /* LinkAccountView.swift */,
			);
			path = User;
			sourceTree = "<group>";
		};
		CB5578F82BBB1D34005A643D /* TabView */ = {
			isa = PBXGroup;
			children = (
				CBFF67C42BA33F330023A2F8 /* MainView.swift */,
				CB5578F92BBB1D70005A643D /* TabbarView.swift */,
			);
			path = TabView;
			sourceTree = "<group>";
		};
		CB64FCB72BCA0D5800067744 /* SubViews */ = {
			isa = PBXGroup;
			children = (
				CB64FCB82BCA0D6700067744 /* FriendGridItem.swift */,
			);
			path = SubViews;
			sourceTree = "<group>";
		};
		CB64FCE22BD159AA00067744 /* SubViews */ = {
			isa = PBXGroup;
			children = (
				CB64FCE32BD159C700067744 /* AddFriend.swift */,
				CB387F7D2BDFD5C7003EE27A /* copyBoard.swift */,
				CB387F7F2BDFFDAC003EE27A /* SharingMatchesView.swift */,
			);
			name = SubViews;
			sourceTree = "<group>";
		};
		CB8A39942BA7131A00EFF71C /* Buraco */ = {
			isa = PBXGroup;
			children = (
				CBB0725A2BD4AFA80026CA4E /* Ranking */,
				CB64FCB72BCA0D5800067744 /* SubViews */,
				CBD142FE2BA8A619000FAA55 /* ListView */,
				CBD142FF2BA8A62B000FAA55 /* turns */,
			);
			path = Buraco;
			sourceTree = "<group>";
		};
		CB8A39952BA717F300EFF71C /* Buraco */ = {
			isa = PBXGroup;
			children = (
				CB416CFB2BA472F1005DF9F3 /* BuracoFBViewModel.swift */,
				CBD142FA2BA8A0DF000FAA55 /* BuracoTurnsViewModel.swift */,
				CB64FCD42BCFE03600067744 /* BuracoMatchViewModel.swift */,
			);
			path = Buraco;
			sourceTree = "<group>";
		};
		CB8A39962BA7181000EFF71C /* Buraco */ = {
			isa = PBXGroup;
			children = (
				CBFF67F72BA340F50023A2F8 /* BuracoMatchesRepository.swift */,
				CBD142FC2BA8A1F8000FAA55 /* BuracoTurnsRepository.swift */,
			);
			path = Buraco;
			sourceTree = "<group>";
		};
		CB8A399E2BA719FC00EFF71C /* Login */ = {
			isa = PBXGroup;
			children = (
				CB8A399F2BA71A1000EFF71C /* LoginViewModel.swift */,
				CBD1437A2BAB81D7000FAA55 /* AuthenticationViewModel.swift */,
			);
			path = Login;
			sourceTree = "<group>";
		};
		CB8A39A12BA71AA900EFF71C /* User */ = {
			isa = PBXGroup;
			children = (
				CB8A399B2BA7197400EFF71C /* Login.swift */,
				CB8A39A62BA71B3C00EFF71C /* UserModel.swift */,
				CB64FCB52BC87BFF00067744 /* ProfileModel.swift */,
				CB64FCE72BD213AD00067744 /* IndividualRanking.swift */,
				CB387F812BE00C97003EE27A /* PlayerModel.swift */,
				CB1E488E2BF3C66D00F052ED /* FriendsModel.swift */,
			);
			path = User;
			sourceTree = "<group>";
		};
		CB8A39A22BA71AB400EFF71C /* Match */ = {
			isa = PBXGroup;
			children = (
				CBFF67D52BA33FD50023A2F8 /* MatchFB.swift */,
				CBFF67D62BA33FD50023A2F8 /* MatchTurn.swift */,
				CBB0D4D62BC6BEE3002CC88D /* DBImages.swift */,
			);
			path = Match;
			sourceTree = "<group>";
		};
		CB8A39A32BA71AD100EFF71C /* User */ = {
			isa = PBXGroup;
			children = (
				CBD143782BAB7CE6000FAA55 /* AuthenticationManager.swift */,
				CB8A39A42BA71AE600EFF71C /* UserRepository.swift */,
			);
			path = User;
			sourceTree = "<group>";
		};
		CB8A39A82BA71B9100EFF71C /* User */ = {
			isa = PBXGroup;
			children = (
				CB8A39A92BA71BA200EFF71C /* UserViewModel.swift */,
			);
			path = User;
			sourceTree = "<group>";
		};
		CB8A39AC2BA71E2700EFF71C /* Login */ = {
			isa = PBXGroup;
			children = (
				CB8A39AD2BA71E3500EFF71C /* LoginView.swift */,
				CBD1437C2BABCFC1000FAA55 /* AuthenticationView.swift */,
			);
			path = Login;
			sourceTree = "<group>";
		};
		CBB072572BD2A5330026CA4E /* Team */ = {
			isa = PBXGroup;
			children = (
				CBB072582BD2A54A0026CA4E /* TeamModel.swift */,
			);
			path = Team;
			sourceTree = "<group>";
		};
		CBB0725A2BD4AFA80026CA4E /* Ranking */ = {
			isa = PBXGroup;
			children = (
				CBB0725B2BD4AFC50026CA4E /* RankingView.swift */,
				CBB0725D2BD4B0AD0026CA4E /* RankingView+Extension.swift */,
			);
			path = Ranking;
			sourceTree = "<group>";
		};
		CBD142EB2BA762E1000FAA55 /* Logo */ = {
			isa = PBXGroup;
			children = (
				CBD142EC2BA762F3000FAA55 /* MainLogo.swift */,
			);
			path = Logo;
			sourceTree = "<group>";
		};
		CBD142FE2BA8A619000FAA55 /* ListView */ = {
			isa = PBXGroup;
			children = (
				CBD142EE2BA77D27000FAA55 /* AddNewBuracoMatchView.swift */,
				CB416CF72BA37924005DF9F3 /* BuracoCardView.swift */,
				CB416CF32BA35FB6005DF9F3 /* BuracoListView.swift */,
			);
			path = ListView;
			sourceTree = "<group>";
		};
		CBD142FF2BA8A62B000FAA55 /* turns */ = {
			isa = PBXGroup;
			children = (
				CB416CF92BA37A77005DF9F3 /* BuracoMatchView.swift */,
				CBD143012BA8A6C4000FAA55 /* AddNewMatchTurnView.swift */,
			);
			path = turns;
			sourceTree = "<group>";
		};
		CBD143422BAB11D1000FAA55 /* Components */ = {
			isa = PBXGroup;
			children = (
				CBD143432BAB11D1000FAA55 /* Camera */,
			);
			path = Components;
			sourceTree = "<group>";
		};
		CBD143432BAB11D1000FAA55 /* Camera */ = {
			isa = PBXGroup;
			children = (
				CBD143622BAB241A000FAA55 /* SUImagePickerView.swift */,
			);
			path = Camera;
			sourceTree = "<group>";
		};
		CBD1436F2BAB6300000FAA55 /* Firestore */ = {
			isa = PBXGroup;
			children = (
				CB8A39962BA7181000EFF71C /* Buraco */,
				CB8A39A32BA71AD100EFF71C /* User */,
			);
			path = Firestore;
			sourceTree = "<group>";
		};
		CBD143702BAB6338000FAA55 /* Storage */ = {
			isa = PBXGroup;
			children = (
				CBD143722BAB63F8000FAA55 /* StorageManager.swift */,
			);
			path = Storage;
			sourceTree = "<group>";
		};
		CBD143712BAB63AA000FAA55 /* Storage */ = {
			isa = PBXGroup;
			children = (
				CBD143762BAB6AD7000FAA55 /* StorageViewModel.swift */,
			);
			path = Storage;
			sourceTree = "<group>";
		};
		CBFF67B62BA33F330023A2F8 = {
			isa = PBXGroup;
			children = (
				CBDDE7122BC014CA0095FCD5 /* PrivacyInfo.xcprivacy */,
				CBFF67C22BA33F330023A2F8 /* CardScoresApp.swift */,
				CBFF67C12BA33F330023A2F8 /* CardScores */,
				CBFF67C02BA33F330023A2F8 /* Products */,
				CBFF67E42BA340440023A2F8 /* Frameworks */,
			);
			sourceTree = "<group>";
		};
		CBFF67C02BA33F330023A2F8 /* Products */ = {
			isa = PBXGroup;
			children = (
				CBFF67BF2BA33F330023A2F8 /* CardScores.app */,
			);
			name = Products;
			sourceTree = "<group>";
		};
		CBFF67C12BA33F330023A2F8 /* CardScores */ = {
			isa = PBXGroup;
			children = (
				CBDDE7112BBF9AC00095FCD5 /* Info.plist */,
				CBD143422BAB11D1000FAA55 /* Components */,
				CBFF67F62BA340F50023A2F8 /* Firebase */,
				CBFF67ED2BA340CB0023A2F8 /* ViewModels */,
				CBFF67D02BA33FB10023A2F8 /* Models */,
				CB416CF02BA35FB6005DF9F3 /* Views */,
				CBFF67F92BA342C80023A2F8 /* Utils */,
				CBFF68022BA345CF0023A2F8 /* Config */,
				CBFF67C62BA33F340023A2F8 /* Assets.xcassets */,
				CBFF67C82BA33F340023A2F8 /* Preview Content */,
			);
			path = CardScores;
			sourceTree = "<group>";
		};
		CBFF67C82BA33F340023A2F8 /* Preview Content */ = {
			isa = PBXGroup;
			children = (
				CBFF67C92BA33F340023A2F8 /* Preview Assets.xcassets */,
			);
			path = "Preview Content";
			sourceTree = "<group>";
		};
		CBFF67D02BA33FB10023A2F8 /* Models */ = {
			isa = PBXGroup;
			children = (
				CBB072572BD2A5330026CA4E /* Team */,
				CB8A39A12BA71AA900EFF71C /* User */,
				CB8A39A22BA71AB400EFF71C /* Match */,
			);
			path = Models;
			sourceTree = "<group>";
		};
		CBFF67E42BA340440023A2F8 /* Frameworks */ = {
			isa = PBXGroup;
			children = (
			);
			name = Frameworks;
			sourceTree = "<group>";
		};
		CBFF67ED2BA340CB0023A2F8 /* ViewModels */ = {
			isa = PBXGroup;
			children = (
				CBD143712BAB63AA000FAA55 /* Storage */,
				CB8A39A82BA71B9100EFF71C /* User */,
				CB8A399E2BA719FC00EFF71C /* Login */,
				CB8A39952BA717F300EFF71C /* Buraco */,
			);
			path = ViewModels;
			sourceTree = "<group>";
		};
		CBFF67F62BA340F50023A2F8 /* Firebase */ = {
			isa = PBXGroup;
			children = (
				CBD143702BAB6338000FAA55 /* Storage */,
				CBD1436F2BAB6300000FAA55 /* Firestore */,
			);
			path = Firebase;
			sourceTree = "<group>";
		};
		CBFF67F92BA342C80023A2F8 /* Utils */ = {
			isa = PBXGroup;
			children = (
				CBFF67FA2BA342C80023A2F8 /* Constants.swift */,
				CBFF67FB2BA342C80023A2F8 /* Color+Extension.swift */,
				CB8A39AF2BA720BE00EFF71C /* ViewModifiers.swift */,
				CB5578F32BBA324A005A643D /* View+Extension.swift */,
			);
			path = Utils;
			sourceTree = "<group>";
		};
		CBFF68022BA345CF0023A2F8 /* Config */ = {
			isa = PBXGroup;
			children = (
				CB36E23C2BBDC6A000323907 /* GoogleService-Info.plist */,
			);
			path = Config;
			sourceTree = "<group>";
		};
/* End PBXGroup section */

/* Begin PBXNativeTarget section */
		CBFF67BE2BA33F330023A2F8 /* CardScores */ = {
			isa = PBXNativeTarget;
			buildConfigurationList = CBFF67CD2BA33F340023A2F8 /* Build configuration list for PBXNativeTarget "CardScores" */;
			buildPhases = (
				CBFF67BB2BA33F330023A2F8 /* Sources */,
				CBFF67BC2BA33F330023A2F8 /* Frameworks */,
				CBFF67BD2BA33F330023A2F8 /* Resources */,
			);
			buildRules = (
			);
			dependencies = (
			);
			name = CardScores;
			packageProductDependencies = (
				CBFF67DA2BA3400B0023A2F8 /* FirebaseAnalytics */,
				CBFF67DE2BA3400B0023A2F8 /* FirebaseAnalyticsSwift */,
				CBFF67E52BA340440023A2F8 /* FirebaseAuth */,
				CBFF67E72BA340440023A2F8 /* FirebaseCrashlytics */,
				CBFF67E92BA340440023A2F8 /* FirebaseFirestore */,
				CBFF67EB2BA340440023A2F8 /* FirebaseFirestoreSwift */,
				CBD143742BAB6452000FAA55 /* FirebaseStorage */,
				CB1ACD5A2BBC2B0000E2C662 /* FirebaseAppCheck */,
			);
			productName = CardScores;
			productReference = CBFF67BF2BA33F330023A2F8 /* CardScores.app */;
			productType = "com.apple.product-type.application";
		};
/* End PBXNativeTarget section */

/* Begin PBXProject section */
		CBFF67B72BA33F330023A2F8 /* Project object */ = {
			isa = PBXProject;
			attributes = {
				BuildIndependentTargetsInParallel = 1;
				LastSwiftUpdateCheck = 1520;
				LastUpgradeCheck = 1520;
				TargetAttributes = {
					CBFF67BE2BA33F330023A2F8 = {
						CreatedOnToolsVersion = 15.2;
					};
				};
			};
			buildConfigurationList = CBFF67BA2BA33F330023A2F8 /* Build configuration list for PBXProject "CardScores" */;
			compatibilityVersion = "Xcode 14.0";
			developmentRegion = en;
			hasScannedForEncodings = 0;
			knownRegions = (
				en,
				Base,
			);
			mainGroup = CBFF67B62BA33F330023A2F8;
			packageReferences = (
				CBFF67D92BA3400B0023A2F8 /* XCRemoteSwiftPackageReference "firebase-ios-sdk" */,
			);
			productRefGroup = CBFF67C02BA33F330023A2F8 /* Products */;
			projectDirPath = "";
			projectRoot = "";
			targets = (
				CBFF67BE2BA33F330023A2F8 /* CardScores */,
			);
		};
/* End PBXProject section */

/* Begin PBXResourcesBuildPhase section */
		CBFF67BD2BA33F330023A2F8 /* Resources */ = {
			isa = PBXResourcesBuildPhase;
			buildActionMask = 2147483647;
			files = (
				CBFF67CA2BA33F340023A2F8 /* Preview Assets.xcassets in Resources */,
				CB36E23D2BBDC6A000323907 /* GoogleService-Info.plist in Resources */,
				CBDDE7132BC014CA0095FCD5 /* PrivacyInfo.xcprivacy in Resources */,
				CBFF67C72BA33F340023A2F8 /* Assets.xcassets in Resources */,
			);
			runOnlyForDeploymentPostprocessing = 0;
		};
/* End PBXResourcesBuildPhase section */

/* Begin PBXSourcesBuildPhase section */
		CBFF67BB2BA33F330023A2F8 /* Sources */ = {
			isa = PBXSourcesBuildPhase;
			buildActionMask = 2147483647;
			files = (
				CBB0D4D72BC6BEE3002CC88D /* DBImages.swift in Sources */,
				CBFF67C52BA33F330023A2F8 /* MainView.swift in Sources */,
				CBD143792BAB7CE6000FAA55 /* AuthenticationManager.swift in Sources */,
				CBB072592BD2A54A0026CA4E /* TeamModel.swift in Sources */,
				CBD143732BAB63F8000FAA55 /* StorageManager.swift in Sources */,
				CBD143022BA8A6C4000FAA55 /* AddNewMatchTurnView.swift in Sources */,
				CBD143772BAB6AD7000FAA55 /* StorageViewModel.swift in Sources */,
				CBB0725C2BD4AFC50026CA4E /* RankingView.swift in Sources */,
				CBFF67FD2BA342C80023A2F8 /* Constants.swift in Sources */,
				CB8A399C2BA7197400EFF71C /* Login.swift in Sources */,
				CB8A39B02BA720BE00EFF71C /* ViewModifiers.swift in Sources */,
				CB64FCE42BD159C700067744 /* AddFriend.swift in Sources */,
				CB416CF62BA35FB6005DF9F3 /* BuracoListView.swift in Sources */,
				CB8A39A72BA71B3C00EFF71C /* UserModel.swift in Sources */,
				CBB072602BD687920026CA4E /* LinkAccountView.swift in Sources */,
				CBFF67D82BA33FD50023A2F8 /* MatchTurn.swift in Sources */,
				CBB0725E2BD4B0AD0026CA4E /* RankingView+Extension.swift in Sources */,
				CB1E488F2BF3C66D00F052ED /* FriendsModel.swift in Sources */,
				CB5578F42BBA324A005A643D /* View+Extension.swift in Sources */,
				CBD142FB2BA8A0DF000FAA55 /* BuracoTurnsViewModel.swift in Sources */,
				CBD1437D2BABCFC1000FAA55 /* AuthenticationView.swift in Sources */,
				CB416CFC2BA472F1005DF9F3 /* BuracoFBViewModel.swift in Sources */,
				CB8A39A02BA71A1000EFF71C /* LoginViewModel.swift in Sources */,
				CBFF67C32BA33F330023A2F8 /* CardScoresApp.swift in Sources */,
				CBD143632BAB241A000FAA55 /* SUImagePickerView.swift in Sources */,
				CB8A39A52BA71AE600EFF71C /* UserRepository.swift in Sources */,
				CBFF67D72BA33FD50023A2F8 /* MatchFB.swift in Sources */,
				CBD142FD2BA8A1F8000FAA55 /* BuracoTurnsRepository.swift in Sources */,
				CB416CFA2BA37A77005DF9F3 /* BuracoMatchView.swift in Sources */,
				CB8A39AE2BA71E3500EFF71C /* LoginView.swift in Sources */,
				CB64FCB42BC83F0000067744 /* CreateUserView.swift in Sources */,
				CB64FCB92BCA0D6700067744 /* FriendGridItem.swift in Sources */,
				CB64FCB62BC87BFF00067744 /* ProfileModel.swift in Sources */,
				CB64FCE82BD213AD00067744 /* IndividualRanking.swift in Sources */,
				CB387F7E2BDFD5C8003EE27A /* copyBoard.swift in Sources */,
				CB387F822BE00C97003EE27A /* PlayerModel.swift in Sources */,
				CB387F802BDFFDAC003EE27A /* SharingMatchesView.swift in Sources */,
				CB64FCD52BCFE03600067744 /* BuracoMatchViewModel.swift in Sources */,
				CB5578FA2BBB1D70005A643D /* TabbarView.swift in Sources */,
				CBFF67FE2BA342C80023A2F8 /* Color+Extension.swift in Sources */,
				CB5578F72BBB1AE2005A643D /* ProfileView.swift in Sources */,
				CBD1437B2BAB81D7000FAA55 /* AuthenticationViewModel.swift in Sources */,
				CBD142EF2BA77D27000FAA55 /* AddNewBuracoMatchView.swift in Sources */,
				CB8A39AA2BA71BA200EFF71C /* UserViewModel.swift in Sources */,
				CBFF67F82BA340F50023A2F8 /* BuracoMatchesRepository.swift in Sources */,
				CB416CF82BA37924005DF9F3 /* BuracoCardView.swift in Sources */,
				CBD142ED2BA762F3000FAA55 /* MainLogo.swift in Sources */,
			);
			runOnlyForDeploymentPostprocessing = 0;
		};
/* End PBXSourcesBuildPhase section */

/* Begin XCBuildConfiguration section */
		CBFF67CB2BA33F340023A2F8 /* Debug */ = {
			isa = XCBuildConfiguration;
			buildSettings = {
				ALWAYS_SEARCH_USER_PATHS = NO;
				ASSETCATALOG_COMPILER_GENERATE_SWIFT_ASSET_SYMBOL_EXTENSIONS = YES;
				CLANG_ANALYZER_NONNULL = YES;
				CLANG_ANALYZER_NUMBER_OBJECT_CONVERSION = YES_AGGRESSIVE;
				CLANG_CXX_LANGUAGE_STANDARD = "gnu++20";
				CLANG_ENABLE_MODULES = YES;
				CLANG_ENABLE_OBJC_ARC = YES;
				CLANG_ENABLE_OBJC_WEAK = YES;
				CLANG_WARN_BLOCK_CAPTURE_AUTORELEASING = YES;
				CLANG_WARN_BOOL_CONVERSION = YES;
				CLANG_WARN_COMMA = YES;
				CLANG_WARN_CONSTANT_CONVERSION = YES;
				CLANG_WARN_DEPRECATED_OBJC_IMPLEMENTATIONS = YES;
				CLANG_WARN_DIRECT_OBJC_ISA_USAGE = YES_ERROR;
				CLANG_WARN_DOCUMENTATION_COMMENTS = YES;
				CLANG_WARN_EMPTY_BODY = YES;
				CLANG_WARN_ENUM_CONVERSION = YES;
				CLANG_WARN_INFINITE_RECURSION = YES;
				CLANG_WARN_INT_CONVERSION = YES;
				CLANG_WARN_NON_LITERAL_NULL_CONVERSION = YES;
				CLANG_WARN_OBJC_IMPLICIT_RETAIN_SELF = YES;
				CLANG_WARN_OBJC_LITERAL_CONVERSION = YES;
				CLANG_WARN_OBJC_ROOT_CLASS = YES_ERROR;
				CLANG_WARN_QUOTED_INCLUDE_IN_FRAMEWORK_HEADER = YES;
				CLANG_WARN_RANGE_LOOP_ANALYSIS = YES;
				CLANG_WARN_STRICT_PROTOTYPES = YES;
				CLANG_WARN_SUSPICIOUS_MOVE = YES;
				CLANG_WARN_UNGUARDED_AVAILABILITY = YES_AGGRESSIVE;
				CLANG_WARN_UNREACHABLE_CODE = YES;
				CLANG_WARN__DUPLICATE_METHOD_MATCH = YES;
				COPY_PHASE_STRIP = NO;
				DEBUG_INFORMATION_FORMAT = dwarf;
				ENABLE_STRICT_OBJC_MSGSEND = YES;
				ENABLE_TESTABILITY = YES;
				ENABLE_USER_SCRIPT_SANDBOXING = YES;
				GCC_C_LANGUAGE_STANDARD = gnu17;
				GCC_DYNAMIC_NO_PIC = NO;
				GCC_NO_COMMON_BLOCKS = YES;
				GCC_OPTIMIZATION_LEVEL = 0;
				GCC_PREPROCESSOR_DEFINITIONS = (
					"DEBUG=1",
					"$(inherited)",
				);
				GCC_WARN_64_TO_32_BIT_CONVERSION = YES;
				GCC_WARN_ABOUT_RETURN_TYPE = YES_ERROR;
				GCC_WARN_UNDECLARED_SELECTOR = YES;
				GCC_WARN_UNINITIALIZED_AUTOS = YES_AGGRESSIVE;
				GCC_WARN_UNUSED_FUNCTION = YES;
				GCC_WARN_UNUSED_VARIABLE = YES;
				IPHONEOS_DEPLOYMENT_TARGET = 16.0;
				LOCALIZATION_PREFERS_STRING_CATALOGS = YES;
				MTL_ENABLE_DEBUG_INFO = INCLUDE_SOURCE;
				MTL_FAST_MATH = YES;
				ONLY_ACTIVE_ARCH = YES;
				SDKROOT = iphoneos;
				SWIFT_ACTIVE_COMPILATION_CONDITIONS = "DEBUG $(inherited)";
				SWIFT_OPTIMIZATION_LEVEL = "-Onone";
			};
			name = Debug;
		};
		CBFF67CC2BA33F340023A2F8 /* Release */ = {
			isa = XCBuildConfiguration;
			buildSettings = {
				ALWAYS_SEARCH_USER_PATHS = NO;
				ASSETCATALOG_COMPILER_GENERATE_SWIFT_ASSET_SYMBOL_EXTENSIONS = YES;
				CLANG_ANALYZER_NONNULL = YES;
				CLANG_ANALYZER_NUMBER_OBJECT_CONVERSION = YES_AGGRESSIVE;
				CLANG_CXX_LANGUAGE_STANDARD = "gnu++20";
				CLANG_ENABLE_MODULES = YES;
				CLANG_ENABLE_OBJC_ARC = YES;
				CLANG_ENABLE_OBJC_WEAK = YES;
				CLANG_WARN_BLOCK_CAPTURE_AUTORELEASING = YES;
				CLANG_WARN_BOOL_CONVERSION = YES;
				CLANG_WARN_COMMA = YES;
				CLANG_WARN_CONSTANT_CONVERSION = YES;
				CLANG_WARN_DEPRECATED_OBJC_IMPLEMENTATIONS = YES;
				CLANG_WARN_DIRECT_OBJC_ISA_USAGE = YES_ERROR;
				CLANG_WARN_DOCUMENTATION_COMMENTS = YES;
				CLANG_WARN_EMPTY_BODY = YES;
				CLANG_WARN_ENUM_CONVERSION = YES;
				CLANG_WARN_INFINITE_RECURSION = YES;
				CLANG_WARN_INT_CONVERSION = YES;
				CLANG_WARN_NON_LITERAL_NULL_CONVERSION = YES;
				CLANG_WARN_OBJC_IMPLICIT_RETAIN_SELF = YES;
				CLANG_WARN_OBJC_LITERAL_CONVERSION = YES;
				CLANG_WARN_OBJC_ROOT_CLASS = YES_ERROR;
				CLANG_WARN_QUOTED_INCLUDE_IN_FRAMEWORK_HEADER = YES;
				CLANG_WARN_RANGE_LOOP_ANALYSIS = YES;
				CLANG_WARN_STRICT_PROTOTYPES = YES;
				CLANG_WARN_SUSPICIOUS_MOVE = YES;
				CLANG_WARN_UNGUARDED_AVAILABILITY = YES_AGGRESSIVE;
				CLANG_WARN_UNREACHABLE_CODE = YES;
				CLANG_WARN__DUPLICATE_METHOD_MATCH = YES;
				COPY_PHASE_STRIP = NO;
				DEBUG_INFORMATION_FORMAT = "dwarf-with-dsym";
				ENABLE_NS_ASSERTIONS = NO;
				ENABLE_STRICT_OBJC_MSGSEND = YES;
				ENABLE_USER_SCRIPT_SANDBOXING = YES;
				GCC_C_LANGUAGE_STANDARD = gnu17;
				GCC_NO_COMMON_BLOCKS = YES;
				GCC_WARN_64_TO_32_BIT_CONVERSION = YES;
				GCC_WARN_ABOUT_RETURN_TYPE = YES_ERROR;
				GCC_WARN_UNDECLARED_SELECTOR = YES;
				GCC_WARN_UNINITIALIZED_AUTOS = YES_AGGRESSIVE;
				GCC_WARN_UNUSED_FUNCTION = YES;
				GCC_WARN_UNUSED_VARIABLE = YES;
				IPHONEOS_DEPLOYMENT_TARGET = 16.0;
				LOCALIZATION_PREFERS_STRING_CATALOGS = YES;
				MTL_ENABLE_DEBUG_INFO = NO;
				MTL_FAST_MATH = YES;
				SDKROOT = iphoneos;
				SWIFT_COMPILATION_MODE = wholemodule;
				VALIDATE_PRODUCT = YES;
			};
			name = Release;
		};
		CBFF67CE2BA33F340023A2F8 /* Debug */ = {
			isa = XCBuildConfiguration;
			buildSettings = {
				ASSETCATALOG_COMPILER_APPICON_NAME = AppIcon;
				ASSETCATALOG_COMPILER_GLOBAL_ACCENT_COLOR_NAME = AccentColor;
				CODE_SIGN_STYLE = Automatic;
				CURRENT_PROJECT_VERSION = 1;
				DEVELOPMENT_ASSET_PATHS = "\"CardScores/Preview Content\"";
				DEVELOPMENT_TEAM = 683K774GP4;
				ENABLE_PREVIEWS = YES;
				GENERATE_INFOPLIST_FILE = YES;
				INFOPLIST_FILE = CardScores/Info.plist;
				INFOPLIST_KEY_CFBundleDisplayName = CardScores;
				INFOPLIST_KEY_LSApplicationCategoryType = "public.app-category.entertainment";
				INFOPLIST_KEY_NSCameraUsageDescription = "CardScores precisa usar sua câmera. Com essa permissão você será capaz de salvar fotos de momentos de suas partidas de buraco. Você poderá deletar as fotos a qualquer momento.";
				INFOPLIST_KEY_NSPhotoLibraryAddUsageDescription = "CardScores precisa acessar sua biblioteca de fotos. Com essa permissão  você será capaz de escolher fotos para serem salvas com suas partidas de buraco. Você poderá deletar as fotos a qualquer momento.";
				INFOPLIST_KEY_UIApplicationSceneManifest_Generation = YES;
				INFOPLIST_KEY_UIApplicationSupportsIndirectInputEvents = YES;
				INFOPLIST_KEY_UILaunchScreen_Generation = YES;
				INFOPLIST_KEY_UIRequiresFullScreen = YES;
				INFOPLIST_KEY_UISupportedInterfaceOrientations = "UIInterfaceOrientationPortrait UIInterfaceOrientationPortraitUpsideDown";
				IPHONEOS_DEPLOYMENT_TARGET = 16.1;
				LD_RUNPATH_SEARCH_PATHS = (
					"$(inherited)",
					"@executable_path/Frameworks",
				);
				MARKETING_VERSION = 1.8;
				PRODUCT_BUNDLE_IDENTIFIER = halbus.Score;
				PRODUCT_NAME = "$(TARGET_NAME)";
				SUPPORTED_PLATFORMS = "iphoneos iphonesimulator";
				SUPPORTS_MACCATALYST = NO;
				SUPPORTS_MAC_DESIGNED_FOR_IPHONE_IPAD = NO;
				SUPPORTS_XR_DESIGNED_FOR_IPHONE_IPAD = NO;
				SWIFT_EMIT_LOC_STRINGS = YES;
				SWIFT_VERSION = 5.0;
				TARGETED_DEVICE_FAMILY = "1,2";
			};
			name = Debug;
		};
		CBFF67CF2BA33F340023A2F8 /* Release */ = {
			isa = XCBuildConfiguration;
			buildSettings = {
				ASSETCATALOG_COMPILER_APPICON_NAME = AppIcon;
				ASSETCATALOG_COMPILER_GLOBAL_ACCENT_COLOR_NAME = AccentColor;
				CODE_SIGN_STYLE = Automatic;
				CURRENT_PROJECT_VERSION = 1;
				DEVELOPMENT_ASSET_PATHS = "\"CardScores/Preview Content\"";
				DEVELOPMENT_TEAM = 683K774GP4;
				ENABLE_PREVIEWS = YES;
				GENERATE_INFOPLIST_FILE = YES;
				INFOPLIST_FILE = CardScores/Info.plist;
				INFOPLIST_KEY_CFBundleDisplayName = CardScores;
				INFOPLIST_KEY_LSApplicationCategoryType = "public.app-category.entertainment";
				INFOPLIST_KEY_NSCameraUsageDescription = "CardScores precisa usar sua câmera. Com essa permissão você será capaz de salvar fotos de momentos de suas partidas de buraco. Você poderá deletar as fotos a qualquer momento.";
				INFOPLIST_KEY_NSPhotoLibraryAddUsageDescription = "CardScores precisa acessar sua biblioteca de fotos. Com essa permissão  você será capaz de escolher fotos para serem salvas com suas partidas de buraco. Você poderá deletar as fotos a qualquer momento.";
				INFOPLIST_KEY_UIApplicationSceneManifest_Generation = YES;
				INFOPLIST_KEY_UIApplicationSupportsIndirectInputEvents = YES;
				INFOPLIST_KEY_UILaunchScreen_Generation = YES;
				INFOPLIST_KEY_UIRequiresFullScreen = YES;
				INFOPLIST_KEY_UISupportedInterfaceOrientations = "UIInterfaceOrientationPortrait UIInterfaceOrientationPortraitUpsideDown";
				IPHONEOS_DEPLOYMENT_TARGET = 16.1;
				LD_RUNPATH_SEARCH_PATHS = (
					"$(inherited)",
					"@executable_path/Frameworks",
				);
				MARKETING_VERSION = 1.8;
				PRODUCT_BUNDLE_IDENTIFIER = halbus.Score;
				PRODUCT_NAME = "$(TARGET_NAME)";
				SUPPORTED_PLATFORMS = "iphoneos iphonesimulator";
				SUPPORTS_MACCATALYST = NO;
				SUPPORTS_MAC_DESIGNED_FOR_IPHONE_IPAD = NO;
				SUPPORTS_XR_DESIGNED_FOR_IPHONE_IPAD = NO;
				SWIFT_EMIT_LOC_STRINGS = YES;
				SWIFT_VERSION = 5.0;
				TARGETED_DEVICE_FAMILY = "1,2";
			};
			name = Release;
		};
/* End XCBuildConfiguration section */

/* Begin XCConfigurationList section */
		CBFF67BA2BA33F330023A2F8 /* Build configuration list for PBXProject "CardScores" */ = {
			isa = XCConfigurationList;
			buildConfigurations = (
				CBFF67CB2BA33F340023A2F8 /* Debug */,
				CBFF67CC2BA33F340023A2F8 /* Release */,
			);
			defaultConfigurationIsVisible = 0;
			defaultConfigurationName = Release;
		};
		CBFF67CD2BA33F340023A2F8 /* Build configuration list for PBXNativeTarget "CardScores" */ = {
			isa = XCConfigurationList;
			buildConfigurations = (
				CBFF67CE2BA33F340023A2F8 /* Debug */,
				CBFF67CF2BA33F340023A2F8 /* Release */,
			);
			defaultConfigurationIsVisible = 0;
			defaultConfigurationName = Release;
		};
/* End XCConfigurationList section */

/* Begin XCRemoteSwiftPackageReference section */
		CBFF67D92BA3400B0023A2F8 /* XCRemoteSwiftPackageReference "firebase-ios-sdk" */ = {
			isa = XCRemoteSwiftPackageReference;
			repositoryURL = "https://github.com/firebase/firebase-ios-sdk.git";
			requirement = {
				kind = upToNextMajorVersion;
				minimumVersion = 10.22.1;
			};
		};
/* End XCRemoteSwiftPackageReference section */

/* Begin XCSwiftPackageProductDependency section */
		CB1ACD5A2BBC2B0000E2C662 /* FirebaseAppCheck */ = {
			isa = XCSwiftPackageProductDependency;
			package = CBFF67D92BA3400B0023A2F8 /* XCRemoteSwiftPackageReference "firebase-ios-sdk" */;
			productName = FirebaseAppCheck;
		};
		CBD143742BAB6452000FAA55 /* FirebaseStorage */ = {
			isa = XCSwiftPackageProductDependency;
			package = CBFF67D92BA3400B0023A2F8 /* XCRemoteSwiftPackageReference "firebase-ios-sdk" */;
			productName = FirebaseStorage;
		};
		CBFF67DA2BA3400B0023A2F8 /* FirebaseAnalytics */ = {
			isa = XCSwiftPackageProductDependency;
			package = CBFF67D92BA3400B0023A2F8 /* XCRemoteSwiftPackageReference "firebase-ios-sdk" */;
			productName = FirebaseAnalytics;
		};
		CBFF67DE2BA3400B0023A2F8 /* FirebaseAnalyticsSwift */ = {
			isa = XCSwiftPackageProductDependency;
			package = CBFF67D92BA3400B0023A2F8 /* XCRemoteSwiftPackageReference "firebase-ios-sdk" */;
			productName = FirebaseAnalyticsSwift;
		};
		CBFF67E52BA340440023A2F8 /* FirebaseAuth */ = {
			isa = XCSwiftPackageProductDependency;
			package = CBFF67D92BA3400B0023A2F8 /* XCRemoteSwiftPackageReference "firebase-ios-sdk" */;
			productName = FirebaseAuth;
		};
		CBFF67E72BA340440023A2F8 /* FirebaseCrashlytics */ = {
			isa = XCSwiftPackageProductDependency;
			package = CBFF67D92BA3400B0023A2F8 /* XCRemoteSwiftPackageReference "firebase-ios-sdk" */;
			productName = FirebaseCrashlytics;
		};
		CBFF67E92BA340440023A2F8 /* FirebaseFirestore */ = {
			isa = XCSwiftPackageProductDependency;
			package = CBFF67D92BA3400B0023A2F8 /* XCRemoteSwiftPackageReference "firebase-ios-sdk" */;
			productName = FirebaseFirestore;
		};
		CBFF67EB2BA340440023A2F8 /* FirebaseFirestoreSwift */ = {
			isa = XCSwiftPackageProductDependency;
			package = CBFF67D92BA3400B0023A2F8 /* XCRemoteSwiftPackageReference "firebase-ios-sdk" */;
			productName = FirebaseFirestoreSwift;
		};
/* End XCSwiftPackageProductDependency section */
	};
	rootObject = CBFF67B72BA33F330023A2F8 /* Project object */;
}
