// !$*UTF8*$!
{
	archiveVersion = 1;
	classes = {
	};
	objectVersion = 56;
	objects = {

/* Begin PBXBuildFile section */
		CB416CF62BA35FB6005DF9F3 /* BuracoListView.swift in Sources */ = {isa = PBXBuildFile; fileRef = CB416CF32BA35FB6005DF9F3 /* BuracoListView.swift */; };
		CB416CF82BA37924005DF9F3 /* BuracoCardView.swift in Sources */ = {isa = PBXBuildFile; fileRef = CB416CF72BA37924005DF9F3 /* BuracoCardView.swift */; };
		CB416CFA2BA37A77005DF9F3 /* BuracoMatchView.swift in Sources */ = {isa = PBXBuildFile; fileRef = CB416CF92BA37A77005DF9F3 /* BuracoMatchView.swift */; };
		CB416CFC2BA472F1005DF9F3 /* BuracoFBViewModel.swift in Sources */ = {isa = PBXBuildFile; fileRef = CB416CFB2BA472F1005DF9F3 /* BuracoFBViewModel.swift */; };
		CB8A399C2BA7197400EFF71C /* Login.swift in Sources */ = {isa = PBXBuildFile; fileRef = CB8A399B2BA7197400EFF71C /* Login.swift */; };
		CB8A39A02BA71A1000EFF71C /* LoginViewModel.swift in Sources */ = {isa = PBXBuildFile; fileRef = CB8A399F2BA71A1000EFF71C /* LoginViewModel.swift */; };
		CB8A39A52BA71AE600EFF71C /* UserRepository.swift in Sources */ = {isa = PBXBuildFile; fileRef = CB8A39A42BA71AE600EFF71C /* UserRepository.swift */; };
		CB8A39A72BA71B3C00EFF71C /* User.swift in Sources */ = {isa = PBXBuildFile; fileRef = CB8A39A62BA71B3C00EFF71C /* User.swift */; };
		CB8A39AA2BA71BA200EFF71C /* UserViewModel.swift in Sources */ = {isa = PBXBuildFile; fileRef = CB8A39A92BA71BA200EFF71C /* UserViewModel.swift */; };
		CB8A39AE2BA71E3500EFF71C /* LoginView.swift in Sources */ = {isa = PBXBuildFile; fileRef = CB8A39AD2BA71E3500EFF71C /* LoginView.swift */; };
		CB8A39B02BA720BE00EFF71C /* ViewModifiers.swift in Sources */ = {isa = PBXBuildFile; fileRef = CB8A39AF2BA720BE00EFF71C /* ViewModifiers.swift */; };
		CB9342DC2BA531FB00FB915B /* GoogleService-Info.plist in Resources */ = {isa = PBXBuildFile; fileRef = CB9342DB2BA531FB00FB915B /* GoogleService-Info.plist */; };
		CBD142ED2BA762F3000FAA55 /* MainLogo.swift in Sources */ = {isa = PBXBuildFile; fileRef = CBD142EC2BA762F3000FAA55 /* MainLogo.swift */; };
		CBD142EF2BA77D27000FAA55 /* AddNewBuracoMatchView.swift in Sources */ = {isa = PBXBuildFile; fileRef = CBD142EE2BA77D27000FAA55 /* AddNewBuracoMatchView.swift */; };
		CBD142F12BA77D8A000FAA55 /* AddNewBuracoFBViewModel.swift in Sources */ = {isa = PBXBuildFile; fileRef = CBD142F02BA77D8A000FAA55 /* AddNewBuracoFBViewModel.swift */; };
		CBFF67C32BA33F330023A2F8 /* CardScoresApp.swift in Sources */ = {isa = PBXBuildFile; fileRef = CBFF67C22BA33F330023A2F8 /* CardScoresApp.swift */; };
		CBFF67C52BA33F330023A2F8 /* MainView.swift in Sources */ = {isa = PBXBuildFile; fileRef = CBFF67C42BA33F330023A2F8 /* MainView.swift */; };
		CBFF67C72BA33F340023A2F8 /* Assets.xcassets in Resources */ = {isa = PBXBuildFile; fileRef = CBFF67C62BA33F340023A2F8 /* Assets.xcassets */; };
		CBFF67CA2BA33F340023A2F8 /* Preview Assets.xcassets in Resources */ = {isa = PBXBuildFile; fileRef = CBFF67C92BA33F340023A2F8 /* Preview Assets.xcassets */; };
		CBFF67D72BA33FD50023A2F8 /* MatchFB.swift in Sources */ = {isa = PBXBuildFile; fileRef = CBFF67D52BA33FD50023A2F8 /* MatchFB.swift */; };
		CBFF67D82BA33FD50023A2F8 /* MatchTurns.swift in Sources */ = {isa = PBXBuildFile; fileRef = CBFF67D62BA33FD50023A2F8 /* MatchTurns.swift */; };
		CBFF67DB2BA3400B0023A2F8 /* FirebaseAnalytics in Frameworks */ = {isa = PBXBuildFile; productRef = CBFF67DA2BA3400B0023A2F8 /* FirebaseAnalytics */; };
		CBFF67DF2BA3400B0023A2F8 /* FirebaseAnalyticsSwift in Frameworks */ = {isa = PBXBuildFile; productRef = CBFF67DE2BA3400B0023A2F8 /* FirebaseAnalyticsSwift */; };
		CBFF67E32BA3400B0023A2F8 /* FirebaseAppCheck in Frameworks */ = {isa = PBXBuildFile; productRef = CBFF67E22BA3400B0023A2F8 /* FirebaseAppCheck */; };
		CBFF67E62BA340440023A2F8 /* FirebaseAuth in Frameworks */ = {isa = PBXBuildFile; productRef = CBFF67E52BA340440023A2F8 /* FirebaseAuth */; };
		CBFF67E82BA340440023A2F8 /* FirebaseCrashlytics in Frameworks */ = {isa = PBXBuildFile; productRef = CBFF67E72BA340440023A2F8 /* FirebaseCrashlytics */; };
		CBFF67EA2BA340440023A2F8 /* FirebaseFirestore in Frameworks */ = {isa = PBXBuildFile; productRef = CBFF67E92BA340440023A2F8 /* FirebaseFirestore */; };
		CBFF67EC2BA340440023A2F8 /* FirebaseFirestoreSwift in Frameworks */ = {isa = PBXBuildFile; productRef = CBFF67EB2BA340440023A2F8 /* FirebaseFirestoreSwift */; };
		CBFF67F32BA340CB0023A2F8 /* BuracoListViewModel.swift in Sources */ = {isa = PBXBuildFile; fileRef = CBFF67EF2BA340CB0023A2F8 /* BuracoListViewModel.swift */; };
		CBFF67F82BA340F50023A2F8 /* BuracoFirebaseRepository.swift in Sources */ = {isa = PBXBuildFile; fileRef = CBFF67F72BA340F50023A2F8 /* BuracoFirebaseRepository.swift */; };
		CBFF67FD2BA342C80023A2F8 /* Constants.swift in Sources */ = {isa = PBXBuildFile; fileRef = CBFF67FA2BA342C80023A2F8 /* Constants.swift */; };
		CBFF67FE2BA342C80023A2F8 /* Color+Extension.swift in Sources */ = {isa = PBXBuildFile; fileRef = CBFF67FB2BA342C80023A2F8 /* Color+Extension.swift */; };
/* End PBXBuildFile section */

/* Begin PBXFileReference section */
		CB416CF32BA35FB6005DF9F3 /* BuracoListView.swift */ = {isa = PBXFileReference; fileEncoding = 4; lastKnownFileType = sourcecode.swift; path = BuracoListView.swift; sourceTree = "<group>"; };
		CB416CF72BA37924005DF9F3 /* BuracoCardView.swift */ = {isa = PBXFileReference; fileEncoding = 4; lastKnownFileType = sourcecode.swift; path = BuracoCardView.swift; sourceTree = "<group>"; };
		CB416CF92BA37A77005DF9F3 /* BuracoMatchView.swift */ = {isa = PBXFileReference; fileEncoding = 4; lastKnownFileType = sourcecode.swift; path = BuracoMatchView.swift; sourceTree = "<group>"; };
		CB416CFB2BA472F1005DF9F3 /* BuracoFBViewModel.swift */ = {isa = PBXFileReference; fileEncoding = 4; lastKnownFileType = sourcecode.swift; path = BuracoFBViewModel.swift; sourceTree = "<group>"; };
		CB8A399B2BA7197400EFF71C /* Login.swift */ = {isa = PBXFileReference; lastKnownFileType = sourcecode.swift; path = Login.swift; sourceTree = "<group>"; };
		CB8A399F2BA71A1000EFF71C /* LoginViewModel.swift */ = {isa = PBXFileReference; lastKnownFileType = sourcecode.swift; path = LoginViewModel.swift; sourceTree = "<group>"; };
		CB8A39A42BA71AE600EFF71C /* UserRepository.swift */ = {isa = PBXFileReference; lastKnownFileType = sourcecode.swift; path = UserRepository.swift; sourceTree = "<group>"; };
		CB8A39A62BA71B3C00EFF71C /* User.swift */ = {isa = PBXFileReference; lastKnownFileType = sourcecode.swift; path = User.swift; sourceTree = "<group>"; };
		CB8A39A92BA71BA200EFF71C /* UserViewModel.swift */ = {isa = PBXFileReference; lastKnownFileType = sourcecode.swift; path = UserViewModel.swift; sourceTree = "<group>"; };
		CB8A39AD2BA71E3500EFF71C /* LoginView.swift */ = {isa = PBXFileReference; lastKnownFileType = sourcecode.swift; path = LoginView.swift; sourceTree = "<group>"; };
		CB8A39AF2BA720BE00EFF71C /* ViewModifiers.swift */ = {isa = PBXFileReference; lastKnownFileType = sourcecode.swift; path = ViewModifiers.swift; sourceTree = "<group>"; };
		CB9342DB2BA531FB00FB915B /* GoogleService-Info.plist */ = {isa = PBXFileReference; fileEncoding = 4; lastKnownFileType = text.plist.xml; path = "GoogleService-Info.plist"; sourceTree = "<group>"; };
		CBD142EC2BA762F3000FAA55 /* MainLogo.swift */ = {isa = PBXFileReference; lastKnownFileType = sourcecode.swift; path = MainLogo.swift; sourceTree = "<group>"; };
		CBD142EE2BA77D27000FAA55 /* AddNewBuracoMatchView.swift */ = {isa = PBXFileReference; lastKnownFileType = sourcecode.swift; path = AddNewBuracoMatchView.swift; sourceTree = "<group>"; };
		CBD142F02BA77D8A000FAA55 /* AddNewBuracoFBViewModel.swift */ = {isa = PBXFileReference; lastKnownFileType = sourcecode.swift; path = AddNewBuracoFBViewModel.swift; sourceTree = "<group>"; };
		CBFF67BF2BA33F330023A2F8 /* CardScores.app */ = {isa = PBXFileReference; explicitFileType = wrapper.application; includeInIndex = 0; path = CardScores.app; sourceTree = BUILT_PRODUCTS_DIR; };
		CBFF67C22BA33F330023A2F8 /* CardScoresApp.swift */ = {isa = PBXFileReference; lastKnownFileType = sourcecode.swift; path = CardScoresApp.swift; sourceTree = "<group>"; };
		CBFF67C42BA33F330023A2F8 /* MainView.swift */ = {isa = PBXFileReference; lastKnownFileType = sourcecode.swift; path = MainView.swift; sourceTree = "<group>"; };
		CBFF67C62BA33F340023A2F8 /* Assets.xcassets */ = {isa = PBXFileReference; lastKnownFileType = folder.assetcatalog; path = Assets.xcassets; sourceTree = "<group>"; };
		CBFF67C92BA33F340023A2F8 /* Preview Assets.xcassets */ = {isa = PBXFileReference; lastKnownFileType = folder.assetcatalog; path = "Preview Assets.xcassets"; sourceTree = "<group>"; };
		CBFF67D52BA33FD50023A2F8 /* MatchFB.swift */ = {isa = PBXFileReference; fileEncoding = 4; lastKnownFileType = sourcecode.swift; path = MatchFB.swift; sourceTree = "<group>"; };
		CBFF67D62BA33FD50023A2F8 /* MatchTurns.swift */ = {isa = PBXFileReference; fileEncoding = 4; lastKnownFileType = sourcecode.swift; path = MatchTurns.swift; sourceTree = "<group>"; };
		CBFF67EF2BA340CB0023A2F8 /* BuracoListViewModel.swift */ = {isa = PBXFileReference; fileEncoding = 4; lastKnownFileType = sourcecode.swift; path = BuracoListViewModel.swift; sourceTree = "<group>"; };
		CBFF67F72BA340F50023A2F8 /* BuracoFirebaseRepository.swift */ = {isa = PBXFileReference; fileEncoding = 4; lastKnownFileType = sourcecode.swift; path = BuracoFirebaseRepository.swift; sourceTree = "<group>"; };
		CBFF67FA2BA342C80023A2F8 /* Constants.swift */ = {isa = PBXFileReference; fileEncoding = 4; lastKnownFileType = sourcecode.swift; path = Constants.swift; sourceTree = "<group>"; };
		CBFF67FB2BA342C80023A2F8 /* Color+Extension.swift */ = {isa = PBXFileReference; fileEncoding = 4; lastKnownFileType = sourcecode.swift; path = "Color+Extension.swift"; sourceTree = "<group>"; };
/* End PBXFileReference section */

/* Begin PBXFrameworksBuildPhase section */
		CBFF67BC2BA33F330023A2F8 /* Frameworks */ = {
			isa = PBXFrameworksBuildPhase;
			buildActionMask = 2147483647;
			files = (
				CBFF67DF2BA3400B0023A2F8 /* FirebaseAnalyticsSwift in Frameworks */,
				CBFF67DB2BA3400B0023A2F8 /* FirebaseAnalytics in Frameworks */,
				CBFF67E82BA340440023A2F8 /* FirebaseCrashlytics in Frameworks */,
				CBFF67EC2BA340440023A2F8 /* FirebaseFirestoreSwift in Frameworks */,
				CBFF67E32BA3400B0023A2F8 /* FirebaseAppCheck in Frameworks */,
				CBFF67E62BA340440023A2F8 /* FirebaseAuth in Frameworks */,
				CBFF67EA2BA340440023A2F8 /* FirebaseFirestore in Frameworks */,
			);
			runOnlyForDeploymentPostprocessing = 0;
		};
/* End PBXFrameworksBuildPhase section */

/* Begin PBXGroup section */
		CB416CF02BA35FB6005DF9F3 /* Views */ = {
			isa = PBXGroup;
			children = (
				CBD142EB2BA762E1000FAA55 /* Logo */,
				CBFF67C42BA33F330023A2F8 /* MainView.swift */,
				CB8A39AC2BA71E2700EFF71C /* Login */,
				CB8A39942BA7131A00EFF71C /* Buraco */,
			);
			path = Views;
			sourceTree = "<group>";
		};
		CB8A39942BA7131A00EFF71C /* Buraco */ = {
			isa = PBXGroup;
			children = (
				CB416CF72BA37924005DF9F3 /* BuracoCardView.swift */,
				CB416CF32BA35FB6005DF9F3 /* BuracoListView.swift */,
				CB416CF92BA37A77005DF9F3 /* BuracoMatchView.swift */,
				CBD142EE2BA77D27000FAA55 /* AddNewBuracoMatchView.swift */,
			);
			path = Buraco;
			sourceTree = "<group>";
		};
		CB8A39952BA717F300EFF71C /* Buraco */ = {
			isa = PBXGroup;
			children = (
				CB416CFB2BA472F1005DF9F3 /* BuracoFBViewModel.swift */,
				CBFF67EF2BA340CB0023A2F8 /* BuracoListViewModel.swift */,
				CBD142F02BA77D8A000FAA55 /* AddNewBuracoFBViewModel.swift */,
			);
			path = Buraco;
			sourceTree = "<group>";
		};
		CB8A39962BA7181000EFF71C /* Buraco */ = {
			isa = PBXGroup;
			children = (
				CBFF67F72BA340F50023A2F8 /* BuracoFirebaseRepository.swift */,
			);
			path = Buraco;
			sourceTree = "<group>";
		};
		CB8A399E2BA719FC00EFF71C /* Login */ = {
			isa = PBXGroup;
			children = (
				CB8A399F2BA71A1000EFF71C /* LoginViewModel.swift */,
			);
			path = Login;
			sourceTree = "<group>";
		};
		CB8A39A12BA71AA900EFF71C /* User */ = {
			isa = PBXGroup;
			children = (
				CB8A399B2BA7197400EFF71C /* Login.swift */,
				CB8A39A62BA71B3C00EFF71C /* User.swift */,
			);
			path = User;
			sourceTree = "<group>";
		};
		CB8A39A22BA71AB400EFF71C /* Match */ = {
			isa = PBXGroup;
			children = (
				CBFF67D52BA33FD50023A2F8 /* MatchFB.swift */,
				CBFF67D62BA33FD50023A2F8 /* MatchTurns.swift */,
			);
			path = Match;
			sourceTree = "<group>";
		};
		CB8A39A32BA71AD100EFF71C /* User */ = {
			isa = PBXGroup;
			children = (
				CB8A39A42BA71AE600EFF71C /* UserRepository.swift */,
			);
			path = User;
			sourceTree = "<group>";
		};
		CB8A39A82BA71B9100EFF71C /* User */ = {
			isa = PBXGroup;
			children = (
				CB8A39A92BA71BA200EFF71C /* UserViewModel.swift */,
			);
			path = User;
			sourceTree = "<group>";
		};
		CB8A39AC2BA71E2700EFF71C /* Login */ = {
			isa = PBXGroup;
			children = (
				CB8A39AD2BA71E3500EFF71C /* LoginView.swift */,
			);
			path = Login;
			sourceTree = "<group>";
		};
		CBD142EB2BA762E1000FAA55 /* Logo */ = {
			isa = PBXGroup;
			children = (
				CBD142EC2BA762F3000FAA55 /* MainLogo.swift */,
			);
			path = Logo;
			sourceTree = "<group>";
		};
		CBFF67B62BA33F330023A2F8 = {
			isa = PBXGroup;
			children = (
				CBFF67C22BA33F330023A2F8 /* CardScoresApp.swift */,
				CBFF67C12BA33F330023A2F8 /* CardScores */,
				CBFF67C02BA33F330023A2F8 /* Products */,
				CBFF67E42BA340440023A2F8 /* Frameworks */,
			);
			sourceTree = "<group>";
		};
		CBFF67C02BA33F330023A2F8 /* Products */ = {
			isa = PBXGroup;
			children = (
				CBFF67BF2BA33F330023A2F8 /* CardScores.app */,
			);
			name = Products;
			sourceTree = "<group>";
		};
		CBFF67C12BA33F330023A2F8 /* CardScores */ = {
			isa = PBXGroup;
			children = (
				CB416CF02BA35FB6005DF9F3 /* Views */,
				CBFF68022BA345CF0023A2F8 /* Config */,
				CBFF67F92BA342C80023A2F8 /* Utils */,
				CBFF67F62BA340F50023A2F8 /* Repository */,
				CBFF67ED2BA340CB0023A2F8 /* ViewModels */,
				CBFF67D02BA33FB10023A2F8 /* Models */,
				CBFF67C62BA33F340023A2F8 /* Assets.xcassets */,
				CBFF67C82BA33F340023A2F8 /* Preview Content */,
			);
			path = CardScores;
			sourceTree = "<group>";
		};
		CBFF67C82BA33F340023A2F8 /* Preview Content */ = {
			isa = PBXGroup;
			children = (
				CBFF67C92BA33F340023A2F8 /* Preview Assets.xcassets */,
			);
			path = "Preview Content";
			sourceTree = "<group>";
		};
		CBFF67D02BA33FB10023A2F8 /* Models */ = {
			isa = PBXGroup;
			children = (
				CB8A39A12BA71AA900EFF71C /* User */,
				CB8A39A22BA71AB400EFF71C /* Match */,
			);
			path = Models;
			sourceTree = "<group>";
		};
		CBFF67E42BA340440023A2F8 /* Frameworks */ = {
			isa = PBXGroup;
			children = (
			);
			name = Frameworks;
			sourceTree = "<group>";
		};
		CBFF67ED2BA340CB0023A2F8 /* ViewModels */ = {
			isa = PBXGroup;
			children = (
				CB8A39A82BA71B9100EFF71C /* User */,
				CB8A399E2BA719FC00EFF71C /* Login */,
				CB8A39952BA717F300EFF71C /* Buraco */,
			);
			path = ViewModels;
			sourceTree = "<group>";
		};
		CBFF67F62BA340F50023A2F8 /* Repository */ = {
			isa = PBXGroup;
			children = (
				CB8A39A32BA71AD100EFF71C /* User */,
				CB8A39962BA7181000EFF71C /* Buraco */,
			);
			path = Repository;
			sourceTree = "<group>";
		};
		CBFF67F92BA342C80023A2F8 /* Utils */ = {
			isa = PBXGroup;
			children = (
				CBFF67FA2BA342C80023A2F8 /* Constants.swift */,
				CBFF67FB2BA342C80023A2F8 /* Color+Extension.swift */,
				CB8A39AF2BA720BE00EFF71C /* ViewModifiers.swift */,
			);
			path = Utils;
			sourceTree = "<group>";
		};
		CBFF68022BA345CF0023A2F8 /* Config */ = {
			isa = PBXGroup;
			children = (
				CB9342DB2BA531FB00FB915B /* GoogleService-Info.plist */,
			);
			path = Config;
			sourceTree = "<group>";
		};
/* End PBXGroup section */

/* Begin PBXNativeTarget section */
		CBFF67BE2BA33F330023A2F8 /* CardScores */ = {
			isa = PBXNativeTarget;
			buildConfigurationList = CBFF67CD2BA33F340023A2F8 /* Build configuration list for PBXNativeTarget "CardScores" */;
			buildPhases = (
				CBFF67BB2BA33F330023A2F8 /* Sources */,
				CBFF67BC2BA33F330023A2F8 /* Frameworks */,
				CBFF67BD2BA33F330023A2F8 /* Resources */,
			);
			buildRules = (
			);
			dependencies = (
			);
			name = CardScores;
			packageProductDependencies = (
				CBFF67DA2BA3400B0023A2F8 /* FirebaseAnalytics */,
				CBFF67DE2BA3400B0023A2F8 /* FirebaseAnalyticsSwift */,
				CBFF67E22BA3400B0023A2F8 /* FirebaseAppCheck */,
				CBFF67E52BA340440023A2F8 /* FirebaseAuth */,
				CBFF67E72BA340440023A2F8 /* FirebaseCrashlytics */,
				CBFF67E92BA340440023A2F8 /* FirebaseFirestore */,
				CBFF67EB2BA340440023A2F8 /* FirebaseFirestoreSwift */,
			);
			productName = CardScores;
			productReference = CBFF67BF2BA33F330023A2F8 /* CardScores.app */;
			productType = "com.apple.product-type.application";
		};
/* End PBXNativeTarget section */

/* Begin PBXProject section */
		CBFF67B72BA33F330023A2F8 /* Project object */ = {
			isa = PBXProject;
			attributes = {
				BuildIndependentTargetsInParallel = 1;
				LastSwiftUpdateCheck = 1520;
				LastUpgradeCheck = 1520;
				TargetAttributes = {
					CBFF67BE2BA33F330023A2F8 = {
						CreatedOnToolsVersion = 15.2;
					};
				};
			};
			buildConfigurationList = CBFF67BA2BA33F330023A2F8 /* Build configuration list for PBXProject "CardScores" */;
			compatibilityVersion = "Xcode 14.0";
			developmentRegion = en;
			hasScannedForEncodings = 0;
			knownRegions = (
				en,
				Base,
			);
			mainGroup = CBFF67B62BA33F330023A2F8;
			packageReferences = (
				CBFF67D92BA3400B0023A2F8 /* XCRemoteSwiftPackageReference "firebase-ios-sdk" */,
			);
			productRefGroup = CBFF67C02BA33F330023A2F8 /* Products */;
			projectDirPath = "";
			projectRoot = "";
			targets = (
				CBFF67BE2BA33F330023A2F8 /* CardScores */,
			);
		};
/* End PBXProject section */

/* Begin PBXResourcesBuildPhase section */
		CBFF67BD2BA33F330023A2F8 /* Resources */ = {
			isa = PBXResourcesBuildPhase;
			buildActionMask = 2147483647;
			files = (
				CBFF67CA2BA33F340023A2F8 /* Preview Assets.xcassets in Resources */,
				CBFF67C72BA33F340023A2F8 /* Assets.xcassets in Resources */,
				CB9342DC2BA531FB00FB915B /* GoogleService-Info.plist in Resources */,
			);
			runOnlyForDeploymentPostprocessing = 0;
		};
/* End PBXResourcesBuildPhase section */

/* Begin PBXSourcesBuildPhase section */
		CBFF67BB2BA33F330023A2F8 /* Sources */ = {
			isa = PBXSourcesBuildPhase;
			buildActionMask = 2147483647;
			files = (
				CBFF67C52BA33F330023A2F8 /* MainView.swift in Sources */,
				CBD142F12BA77D8A000FAA55 /* AddNewBuracoFBViewModel.swift in Sources */,
				CBFF67FD2BA342C80023A2F8 /* Constants.swift in Sources */,
				CB8A399C2BA7197400EFF71C /* Login.swift in Sources */,
				CB8A39B02BA720BE00EFF71C /* ViewModifiers.swift in Sources */,
				CB416CF62BA35FB6005DF9F3 /* BuracoListView.swift in Sources */,
				CB8A39A72BA71B3C00EFF71C /* User.swift in Sources */,
				CBFF67D82BA33FD50023A2F8 /* MatchTurns.swift in Sources */,
				CB416CFC2BA472F1005DF9F3 /* BuracoFBViewModel.swift in Sources */,
				CB8A39A02BA71A1000EFF71C /* LoginViewModel.swift in Sources */,
				CBFF67C32BA33F330023A2F8 /* CardScoresApp.swift in Sources */,
				CB8A39A52BA71AE600EFF71C /* UserRepository.swift in Sources */,
				CBFF67D72BA33FD50023A2F8 /* MatchFB.swift in Sources */,
				CB416CFA2BA37A77005DF9F3 /* BuracoMatchView.swift in Sources */,
				CB8A39AE2BA71E3500EFF71C /* LoginView.swift in Sources */,
				CBFF67FE2BA342C80023A2F8 /* Color+Extension.swift in Sources */,
				CBFF67F32BA340CB0023A2F8 /* BuracoListViewModel.swift in Sources */,
				CBD142EF2BA77D27000FAA55 /* AddNewBuracoMatchView.swift in Sources */,
				CB8A39AA2BA71BA200EFF71C /* UserViewModel.swift in Sources */,
				CBFF67F82BA340F50023A2F8 /* BuracoFirebaseRepository.swift in Sources */,
				CB416CF82BA37924005DF9F3 /* BuracoCardView.swift in Sources */,
				CBD142ED2BA762F3000FAA55 /* MainLogo.swift in Sources */,
			);
			runOnlyForDeploymentPostprocessing = 0;
		};
/* End PBXSourcesBuildPhase section */

/* Begin XCBuildConfiguration section */
		CBFF67CB2BA33F340023A2F8 /* Debug */ = {
			isa = XCBuildConfiguration;
			buildSettings = {
				ALWAYS_SEARCH_USER_PATHS = NO;
				ASSETCATALOG_COMPILER_GENERATE_SWIFT_ASSET_SYMBOL_EXTENSIONS = YES;
				CLANG_ANALYZER_NONNULL = YES;
				CLANG_ANALYZER_NUMBER_OBJECT_CONVERSION = YES_AGGRESSIVE;
				CLANG_CXX_LANGUAGE_STANDARD = "gnu++20";
				CLANG_ENABLE_MODULES = YES;
				CLANG_ENABLE_OBJC_ARC = YES;
				CLANG_ENABLE_OBJC_WEAK = YES;
				CLANG_WARN_BLOCK_CAPTURE_AUTORELEASING = YES;
				CLANG_WARN_BOOL_CONVERSION = YES;
				CLANG_WARN_COMMA = YES;
				CLANG_WARN_CONSTANT_CONVERSION = YES;
				CLANG_WARN_DEPRECATED_OBJC_IMPLEMENTATIONS = YES;
				CLANG_WARN_DIRECT_OBJC_ISA_USAGE = YES_ERROR;
				CLANG_WARN_DOCUMENTATION_COMMENTS = YES;
				CLANG_WARN_EMPTY_BODY = YES;
				CLANG_WARN_ENUM_CONVERSION = YES;
				CLANG_WARN_INFINITE_RECURSION = YES;
				CLANG_WARN_INT_CONVERSION = YES;
				CLANG_WARN_NON_LITERAL_NULL_CONVERSION = YES;
				CLANG_WARN_OBJC_IMPLICIT_RETAIN_SELF = YES;
				CLANG_WARN_OBJC_LITERAL_CONVERSION = YES;
				CLANG_WARN_OBJC_ROOT_CLASS = YES_ERROR;
				CLANG_WARN_QUOTED_INCLUDE_IN_FRAMEWORK_HEADER = YES;
				CLANG_WARN_RANGE_LOOP_ANALYSIS = YES;
				CLANG_WARN_STRICT_PROTOTYPES = YES;
				CLANG_WARN_SUSPICIOUS_MOVE = YES;
				CLANG_WARN_UNGUARDED_AVAILABILITY = YES_AGGRESSIVE;
				CLANG_WARN_UNREACHABLE_CODE = YES;
				CLANG_WARN__DUPLICATE_METHOD_MATCH = YES;
				COPY_PHASE_STRIP = NO;
				DEBUG_INFORMATION_FORMAT = dwarf;
				ENABLE_STRICT_OBJC_MSGSEND = YES;
				ENABLE_TESTABILITY = YES;
				ENABLE_USER_SCRIPT_SANDBOXING = YES;
				GCC_C_LANGUAGE_STANDARD = gnu17;
				GCC_DYNAMIC_NO_PIC = NO;
				GCC_NO_COMMON_BLOCKS = YES;
				GCC_OPTIMIZATION_LEVEL = 0;
				GCC_PREPROCESSOR_DEFINITIONS = (
					"DEBUG=1",
					"$(inherited)",
				);
				GCC_WARN_64_TO_32_BIT_CONVERSION = YES;
				GCC_WARN_ABOUT_RETURN_TYPE = YES_ERROR;
				GCC_WARN_UNDECLARED_SELECTOR = YES;
				GCC_WARN_UNINITIALIZED_AUTOS = YES_AGGRESSIVE;
				GCC_WARN_UNUSED_FUNCTION = YES;
				GCC_WARN_UNUSED_VARIABLE = YES;
				IPHONEOS_DEPLOYMENT_TARGET = 17.2;
				LOCALIZATION_PREFERS_STRING_CATALOGS = YES;
				MTL_ENABLE_DEBUG_INFO = INCLUDE_SOURCE;
				MTL_FAST_MATH = YES;
				ONLY_ACTIVE_ARCH = YES;
				SDKROOT = iphoneos;
				SWIFT_ACTIVE_COMPILATION_CONDITIONS = "DEBUG $(inherited)";
				SWIFT_OPTIMIZATION_LEVEL = "-Onone";
			};
			name = Debug;
		};
		CBFF67CC2BA33F340023A2F8 /* Release */ = {
			isa = XCBuildConfiguration;
			buildSettings = {
				ALWAYS_SEARCH_USER_PATHS = NO;
				ASSETCATALOG_COMPILER_GENERATE_SWIFT_ASSET_SYMBOL_EXTENSIONS = YES;
				CLANG_ANALYZER_NONNULL = YES;
				CLANG_ANALYZER_NUMBER_OBJECT_CONVERSION = YES_AGGRESSIVE;
				CLANG_CXX_LANGUAGE_STANDARD = "gnu++20";
				CLANG_ENABLE_MODULES = YES;
				CLANG_ENABLE_OBJC_ARC = YES;
				CLANG_ENABLE_OBJC_WEAK = YES;
				CLANG_WARN_BLOCK_CAPTURE_AUTORELEASING = YES;
				CLANG_WARN_BOOL_CONVERSION = YES;
				CLANG_WARN_COMMA = YES;
				CLANG_WARN_CONSTANT_CONVERSION = YES;
				CLANG_WARN_DEPRECATED_OBJC_IMPLEMENTATIONS = YES;
				CLANG_WARN_DIRECT_OBJC_ISA_USAGE = YES_ERROR;
				CLANG_WARN_DOCUMENTATION_COMMENTS = YES;
				CLANG_WARN_EMPTY_BODY = YES;
				CLANG_WARN_ENUM_CONVERSION = YES;
				CLANG_WARN_INFINITE_RECURSION = YES;
				CLANG_WARN_INT_CONVERSION = YES;
				CLANG_WARN_NON_LITERAL_NULL_CONVERSION = YES;
				CLANG_WARN_OBJC_IMPLICIT_RETAIN_SELF = YES;
				CLANG_WARN_OBJC_LITERAL_CONVERSION = YES;
				CLANG_WARN_OBJC_ROOT_CLASS = YES_ERROR;
				CLANG_WARN_QUOTED_INCLUDE_IN_FRAMEWORK_HEADER = YES;
				CLANG_WARN_RANGE_LOOP_ANALYSIS = YES;
				CLANG_WARN_STRICT_PROTOTYPES = YES;
				CLANG_WARN_SUSPICIOUS_MOVE = YES;
				CLANG_WARN_UNGUARDED_AVAILABILITY = YES_AGGRESSIVE;
				CLANG_WARN_UNREACHABLE_CODE = YES;
				CLANG_WARN__DUPLICATE_METHOD_MATCH = YES;
				COPY_PHASE_STRIP = NO;
				DEBUG_INFORMATION_FORMAT = "dwarf-with-dsym";
				ENABLE_NS_ASSERTIONS = NO;
				ENABLE_STRICT_OBJC_MSGSEND = YES;
				ENABLE_USER_SCRIPT_SANDBOXING = YES;
				GCC_C_LANGUAGE_STANDARD = gnu17;
				GCC_NO_COMMON_BLOCKS = YES;
				GCC_WARN_64_TO_32_BIT_CONVERSION = YES;
				GCC_WARN_ABOUT_RETURN_TYPE = YES_ERROR;
				GCC_WARN_UNDECLARED_SELECTOR = YES;
				GCC_WARN_UNINITIALIZED_AUTOS = YES_AGGRESSIVE;
				GCC_WARN_UNUSED_FUNCTION = YES;
				GCC_WARN_UNUSED_VARIABLE = YES;
				IPHONEOS_DEPLOYMENT_TARGET = 17.2;
				LOCALIZATION_PREFERS_STRING_CATALOGS = YES;
				MTL_ENABLE_DEBUG_INFO = NO;
				MTL_FAST_MATH = YES;
				SDKROOT = iphoneos;
				SWIFT_COMPILATION_MODE = wholemodule;
				VALIDATE_PRODUCT = YES;
			};
			name = Release;
		};
		CBFF67CE2BA33F340023A2F8 /* Debug */ = {
			isa = XCBuildConfiguration;
			buildSettings = {
				ASSETCATALOG_COMPILER_APPICON_NAME = AppIcon;
				ASSETCATALOG_COMPILER_GLOBAL_ACCENT_COLOR_NAME = AccentColor;
				CODE_SIGN_STYLE = Automatic;
				CURRENT_PROJECT_VERSION = 1;
				DEVELOPMENT_ASSET_PATHS = "\"CardScores/Preview Content\"";
				DEVELOPMENT_TEAM = V3F22T7VGM;
				ENABLE_PREVIEWS = YES;
				GENERATE_INFOPLIST_FILE = YES;
				INFOPLIST_KEY_UIApplicationSceneManifest_Generation = YES;
				INFOPLIST_KEY_UIApplicationSupportsIndirectInputEvents = YES;
				INFOPLIST_KEY_UILaunchScreen_Generation = YES;
				INFOPLIST_KEY_UISupportedInterfaceOrientations_iPad = "UIInterfaceOrientationPortrait UIInterfaceOrientationPortraitUpsideDown UIInterfaceOrientationLandscapeLeft UIInterfaceOrientationLandscapeRight";
				INFOPLIST_KEY_UISupportedInterfaceOrientations_iPhone = "UIInterfaceOrientationPortrait UIInterfaceOrientationLandscapeLeft UIInterfaceOrientationLandscapeRight";
				LD_RUNPATH_SEARCH_PATHS = (
					"$(inherited)",
					"@executable_path/Frameworks",
				);
				MARKETING_VERSION = 1.0;
				PRODUCT_BUNDLE_IDENTIFIER = halbus.CardScores;
				PRODUCT_NAME = "$(TARGET_NAME)";
				SWIFT_EMIT_LOC_STRINGS = YES;
				SWIFT_VERSION = 5.0;
				TARGETED_DEVICE_FAMILY = "1,2";
			};
			name = Debug;
		};
		CBFF67CF2BA33F340023A2F8 /* Release */ = {
			isa = XCBuildConfiguration;
			buildSettings = {
				ASSETCATALOG_COMPILER_APPICON_NAME = AppIcon;
				ASSETCATALOG_COMPILER_GLOBAL_ACCENT_COLOR_NAME = AccentColor;
				CODE_SIGN_STYLE = Automatic;
				CURRENT_PROJECT_VERSION = 1;
				DEVELOPMENT_ASSET_PATHS = "\"CardScores/Preview Content\"";
				DEVELOPMENT_TEAM = V3F22T7VGM;
				ENABLE_PREVIEWS = YES;
				GENERATE_INFOPLIST_FILE = YES;
				INFOPLIST_KEY_UIApplicationSceneManifest_Generation = YES;
				INFOPLIST_KEY_UIApplicationSupportsIndirectInputEvents = YES;
				INFOPLIST_KEY_UILaunchScreen_Generation = YES;
				INFOPLIST_KEY_UISupportedInterfaceOrientations_iPad = "UIInterfaceOrientationPortrait UIInterfaceOrientationPortraitUpsideDown UIInterfaceOrientationLandscapeLeft UIInterfaceOrientationLandscapeRight";
				INFOPLIST_KEY_UISupportedInterfaceOrientations_iPhone = "UIInterfaceOrientationPortrait UIInterfaceOrientationLandscapeLeft UIInterfaceOrientationLandscapeRight";
				LD_RUNPATH_SEARCH_PATHS = (
					"$(inherited)",
					"@executable_path/Frameworks",
				);
				MARKETING_VERSION = 1.0;
				PRODUCT_BUNDLE_IDENTIFIER = halbus.CardScores;
				PRODUCT_NAME = "$(TARGET_NAME)";
				SWIFT_EMIT_LOC_STRINGS = YES;
				SWIFT_VERSION = 5.0;
				TARGETED_DEVICE_FAMILY = "1,2";
			};
			name = Release;
		};
/* End XCBuildConfiguration section */

/* Begin XCConfigurationList section */
		CBFF67BA2BA33F330023A2F8 /* Build configuration list for PBXProject "CardScores" */ = {
			isa = XCConfigurationList;
			buildConfigurations = (
				CBFF67CB2BA33F340023A2F8 /* Debug */,
				CBFF67CC2BA33F340023A2F8 /* Release */,
			);
			defaultConfigurationIsVisible = 0;
			defaultConfigurationName = Release;
		};
		CBFF67CD2BA33F340023A2F8 /* Build configuration list for PBXNativeTarget "CardScores" */ = {
			isa = XCConfigurationList;
			buildConfigurations = (
				CBFF67CE2BA33F340023A2F8 /* Debug */,
				CBFF67CF2BA33F340023A2F8 /* Release */,
			);
			defaultConfigurationIsVisible = 0;
			defaultConfigurationName = Release;
		};
/* End XCConfigurationList section */

/* Begin XCRemoteSwiftPackageReference section */
		CBFF67D92BA3400B0023A2F8 /* XCRemoteSwiftPackageReference "firebase-ios-sdk" */ = {
			isa = XCRemoteSwiftPackageReference;
			repositoryURL = "https://github.com/firebase/firebase-ios-sdk.git";
			requirement = {
				kind = upToNextMajorVersion;
				minimumVersion = 10.22.1;
			};
		};
/* End XCRemoteSwiftPackageReference section */

/* Begin XCSwiftPackageProductDependency section */
		CBFF67DA2BA3400B0023A2F8 /* FirebaseAnalytics */ = {
			isa = XCSwiftPackageProductDependency;
			package = CBFF67D92BA3400B0023A2F8 /* XCRemoteSwiftPackageReference "firebase-ios-sdk" */;
			productName = FirebaseAnalytics;
		};
		CBFF67DE2BA3400B0023A2F8 /* FirebaseAnalyticsSwift */ = {
			isa = XCSwiftPackageProductDependency;
			package = CBFF67D92BA3400B0023A2F8 /* XCRemoteSwiftPackageReference "firebase-ios-sdk" */;
			productName = FirebaseAnalyticsSwift;
		};
		CBFF67E22BA3400B0023A2F8 /* FirebaseAppCheck */ = {
			isa = XCSwiftPackageProductDependency;
			package = CBFF67D92BA3400B0023A2F8 /* XCRemoteSwiftPackageReference "firebase-ios-sdk" */;
			productName = FirebaseAppCheck;
		};
		CBFF67E52BA340440023A2F8 /* FirebaseAuth */ = {
			isa = XCSwiftPackageProductDependency;
			package = CBFF67D92BA3400B0023A2F8 /* XCRemoteSwiftPackageReference "firebase-ios-sdk" */;
			productName = FirebaseAuth;
		};
		CBFF67E72BA340440023A2F8 /* FirebaseCrashlytics */ = {
			isa = XCSwiftPackageProductDependency;
			package = CBFF67D92BA3400B0023A2F8 /* XCRemoteSwiftPackageReference "firebase-ios-sdk" */;
			productName = FirebaseCrashlytics;
		};
		CBFF67E92BA340440023A2F8 /* FirebaseFirestore */ = {
			isa = XCSwiftPackageProductDependency;
			package = CBFF67D92BA3400B0023A2F8 /* XCRemoteSwiftPackageReference "firebase-ios-sdk" */;
			productName = FirebaseFirestore;
		};
		CBFF67EB2BA340440023A2F8 /* FirebaseFirestoreSwift */ = {
			isa = XCSwiftPackageProductDependency;
			package = CBFF67D92BA3400B0023A2F8 /* XCRemoteSwiftPackageReference "firebase-ios-sdk" */;
			productName = FirebaseFirestoreSwift;
		};
/* End XCSwiftPackageProductDependency section */
	};
	rootObject = CBFF67B72BA33F330023A2F8 /* Project object */;
}
